version = 1
revision = 3
requires-python = "==3.13.*"

[[package]]
name = "anyascii"
version = "0.3.3"
source = { registry = "https://pypi.org/simple" }
sdist = { url = "https://files.pythonhosted.org/packages/db/ba/edebda727008390936da4a9bf677c19cd63b32d51e864656d2cbd1028e25/anyascii-0.3.3.tar.gz", hash = "sha256:c94e9dd9d47b3d9494eca305fef9447d00b4bf1a32aff85aa746fa3ec7fb95c3", size = 264680, upload-time = "2025-06-29T03:33:30.427Z" }
wheels = [
    { url = "https://files.pythonhosted.org/packages/c2/76/783b75a21ce3563b8709050de030ae253853b147bd52e141edc1025aa268/anyascii-0.3.3-py3-none-any.whl", hash = "sha256:f5ab5e53c8781a36b5a40e1296a0eeda2f48c649ef10c3921c1381b1d00dee7a", size = 345090, upload-time = "2025-06-29T03:33:28.356Z" },
]

[[package]]
name = "aws-lambda-powertools"
version = "3.31.0"
source = { registry = "https://pypi.org/simple" }
dependencies = [
    { name = "jmespath" },
    { name = "typing-extensions" },
]
sdist = { url = "https://files.pythonhosted.org/packages/43/e7/4bcaca927dc76816aeea6015c81f7cbd3838261aece0e2499eff9e7beee0/aws_lambda_powertools-3.31.0.tar.gz", hash = "sha256:65f81f1c81e536fb04c20885b7bcd468d5cd232b813c11b6a1634b7d03bd3c8c", size = 797662, upload-time = "2026-06-29T11:05:02.794Z" }
wheels = [
    { url = "https://files.pythonhosted.org/packages/e1/95/17467cd097cf5f24cabd9ce903f75e5e5c17d2b58565b98c3e86d586ddc7/aws_lambda_powertools-3.31.0-py3-none-any.whl", hash = "sha256:fb6e7753ba1657490c8ed43bac9f44bef4c08bdcde2ddf9af2b35d31b061c5f6", size = 954717, upload-time = "2026-06-29T11:05:01.07Z" },
]

[[package]]
name = "awscrt"
version = "0.36.0"
source = { registry = "https://pypi.org/simple" }
sdist = { url = "https://files.pythonhosted.org/packages/6a/7d/fd87588cffbef8fbdb8436f14fa673ee3735cf8600a1a2a36ef78718cfd6/awscrt-0.36.0.tar.gz", hash = "sha256:ad2198461f3b2a2851f37891d75dcb9173bfe2474d8550ad6260bf9970b4064a", size = 37058473, upload-time = "2026-07-16T19:36:20.843Z" }
wheels = [
    { url = "https://files.pythonhosted.org/packages/b7/37/1dd6a63dc5325bdb36f082490fd770aec1fd6565d1aaacb3ff9fd9c2bad7/awscrt-0.36.0-cp311-abi3-macosx_10_15_universal2.whl", hash = "sha256:1f6dbe7fd755d981c6492f6ad08775060e86e9ccb7d84f6725e4444cee14bf5c", size = 5148128, upload-time = "2026-07-16T19:35:17.537Z" },
    { url = "https://files.pythonhosted.org/packages/78/e6/3ecfa5ad2023bc7e897ccd9f09e6d30d34448c9fddbdb2f7549f7964784e/awscrt-0.36.0-cp311-abi3-manylinux2014_aarch64.manylinux_2_17_aarch64.whl", hash = "sha256:900eb2cf518a3f1c7e9c4ebc320f5a3fac891208992b9428da76e3f0fb0300a5", size = 3972156, upload-time = "2026-07-16T19:35:19.025Z" },
    { url = "https://files.pythonhosted.org/packages/0a/94/a5fc3f83e4178f20f4e75fbecfaefc1c8d5a1d848eeba100c46226bf966e/awscrt-0.36.0-cp311-abi3-manylinux2014_x86_64.manylinux_2_17_x86_64.whl", hash = "sha256:bf8bafef584f9d5fead3a88f3b86e0aea957c85ecab5243d0c47858ea3d9b39a", size = 4264588, upload-time = "2026-07-16T19:35:20.437Z" },
    { url = "https://files.pythonhosted.org/packages/42/8d/0c3d1ea026a20be02a0586dd31c41018a98ec7e52701b1ff68c408e79d09/awscrt-0.36.0-cp311-abi3-musllinux_1_1_aarch64.whl", hash = "sha256:1608b45260678aeb4aabdf5f0c69799cb801304b50d065891f96a474e053f908", size = 3880158, upload-time = "2026-07-16T19:35:21.971Z" },
    { url = "https://files.pythonhosted.org/packages/cb/58/870c1a5adc6d0675e8a4cbb39ea7070ec2860a82b4fa71416bc18cc2f805/awscrt-0.36.0-cp311-abi3-musllinux_1_1_x86_64.whl", hash = "sha256:a950c3b4082a687f7e76accc01f937113c6febe13a790856381314323e6a8d03", size = 4121252, upload-time = "2026-07-16T19:35:23.442Z" },
    { url = "https://files.pythonhosted.org/packages/2a/85/a06708ee6caf8d0281a9a7c5f73ec36d5471dda37ccd0b630933c869fa4e/awscrt-0.36.0-cp311-abi3-win32.whl", hash = "sha256:b195103c3b87f02a2c2f278281a64e35dfe57d03d92017097adeb31332731459", size = 4167298, upload-time = "2026-07-16T19:35:24.86Z" },
    { url = "https://files.pythonhosted.org/packages/d6/0a/3fa90ed5283aba9c41f3ea657a4bc71addf6eda0fe85d05aff338f159a53/awscrt-0.36.0-cp311-abi3-win_amd64.whl", hash = "sha256:d4b391736d15f44d452bef0372997c418af44c83d0a11953d0e18a5fd937ba0f", size = 4337077, upload-time = "2026-07-16T19:35:26.236Z" },
    { url = "https://files.pythonhosted.org/packages/69/68/355a9c06805f14ac4e1ac1bdf81c8e50d1308dd8c1ea73ae8b3ff35a09ac/awscrt-0.36.0-cp313-abi3-macosx_10_15_universal2.whl", hash = "sha256:0ef852c7bd977402f2c82959d9b6c68e39c74bca885d4578cec86e6a3b60c864", size = 5146650, upload-time = "2026-07-16T19:35:27.565Z" },
    { url = "https://files.pythonhosted.org/packages/93/fb/982bb2798550c469e1fe8ff3b368dbc458f82187a82c38ce6b61456a7a94/awscrt-0.36.0-cp313-abi3-manylinux2014_aarch64.manylinux_2_17_aarch64.whl", hash = "sha256:01a55a4de4d3d915714590bd50cd3cc430e8f5bce78a4c6b6308c6a7f513ca12", size = 3962528, upload-time = "2026-07-16T19:35:29.166Z" },
    { url = "https://files.pythonhosted.org/packages/4d/91/a607e1c70a56bc33008b4a2829334e1b319cf9056419784aaed24dbad9c9/awscrt-0.36.0-cp313-abi3-manylinux2014_x86_64.manylinux_2_17_x86_64.whl", hash = "sha256:6dba4e0ec0aeec18ecf534081c02357794b89d8a7e12d83f6c970f9d90b1ff0a", size = 4258010, upload-time = "2026-07-16T19:35:30.606Z" },
    { url = "https://files.pythonhosted.org/packages/3c/ed/57655a46f64a7a5d384248a16ad624d2aac076b8a0e759f3e820a30543d0/awscrt-0.36.0-cp313-abi3-musllinux_1_1_aarch64.whl", hash = "sha256:63b726ee7165c5f13ffdd8c57402538a59d01dbc1eeec4eaef75790dbb4ce4d9", size = 3872506, upload-time = "2026-07-16T19:35:32.017Z" },
    { url = "https://files.pythonhosted.org/packages/06/c7/7963d182695a1a13597d8c1df36364595475eaba26af176a5d892e8199a6/awscrt-0.36.0-cp313-abi3-musllinux_1_1_x86_64.whl", hash = "sha256:74e8419f3ab6770082a5a7af267508c72af10b7352bae17b284800ba8e6ec13b", size = 4116622, upload-time = "2026-07-16T19:35:33.477Z" },
    { url = "https://files.pythonhosted.org/packages/7a/2f/dbefbf49c797a4fc0698f9f5ef51ec6725cc46755e8ce8ecadad07efe64a/awscrt-0.36.0-cp313-abi3-win32.whl", hash = "sha256:ef8e655ffaf245a2d4a5c6ca9a1da12fe72cf43c70457dd07f6e0b162ffed164", size = 4163785, upload-time = "2026-07-16T19:35:35.006Z" },
    { url = "https://files.pythonhosted.org/packages/54/b4/710ec9200b10bb3a39eb3308723fb7ee86622e57a2a8b18532e37c191b7a/awscrt-0.36.0-cp313-abi3-win_amd64.whl", hash = "sha256:e1329d9e6b4e1051bf094130fc40d9790cd6986b529bbe8a8bf65ae4fb559d30", size = 4333718, upload-time = "2026-07-16T19:35:36.431Z" },
    { url = "https://files.pythonhosted.org/packages/f9/15/d4754f15a54206ea2fe4bb8b2343dc86cf1ae163a413aeb23280feffe129/awscrt-0.36.0-cp313-cp313t-macosx_10_15_universal2.whl", hash = "sha256:6f0044e3fdc3acb7287dc8285fb0710370b94ffd5d69ee1e01a0f161b5ea0376", size = 5155749, upload-time = "2026-07-16T19:35:37.904Z" },
    { url = "https://files.pythonhosted.org/packages/3c/b2/64590179bc367832edb16a56ff88d86a73f8bfe070311325851c404331c1/awscrt-0.36.0-cp313-cp313t-musllinux_1_1_aarch64.whl", hash = "sha256:93ece6a57527cb6124cda94345adc797bee99ae34bb013c7edcd4bbe09493778", size = 4013555, upload-time = "2026-07-16T19:35:39.569Z" },
    { url = "https://files.pythonhosted.org/packages/e4/5f/eba58de79c2e63758805de1d355cbe68a17053cd460f1040c98f7baa9211/awscrt-0.36.0-cp313-cp313t-musllinux_1_1_x86_64.whl", hash = "sha256:6231b3940c261ac3c6e2128d9ea3fcaabdeec6f5737c19e4310f98b1c5ea2b8d", size = 4254426, upload-time = "2026-07-16T19:35:41.103Z" },
    { url = "https://files.pythonhosted.org/packages/ad/a9/49839240e66c8373fe266c9d16218cbce06f31c6e706939e53976c197631/awscrt-0.36.0-cp313-cp313t-win32.whl", hash = "sha256:62d8938540dfa84e754621bcbf9dfdab19a39a4ae2d3a6f350f3d615b1ff4767", size = 4219945, upload-time = "2026-07-16T19:35:42.604Z" },
    { url = "https://files.pythonhosted.org/packages/71/c6/926f66a4f17d874d60fc60578fe6be58f5a91e64cd8836a94f87d1803bf7/awscrt-0.36.0-cp313-cp313t-win_amd64.whl", hash = "sha256:3c822bb7c98c306484c70564d798400110928a0ea5c9c1b2091b74a5026b4561", size = 4380060, upload-time = "2026-07-16T19:35:44.211Z" },
]

[[package]]
name = "boto3"
version = "1.43.85"
source = { registry = "https://pypi.org/simple" }
dependencies = [
    { name = "botocore" },
    { name = "jmespath" },
    { name = "s3transfer" },
]
sdist = { url = "https://files.pythonhosted.org/packages/8d/db/adb561589806195a40e6f5015c884981595eed85ff43a887122165ffd3f4/boto3-1.43.85.tar.gz", hash = "sha256:113b6e1aa3f5722f90c01fc63968c269a9b1fd03ac2594fe16c56a66e6331c5f", size = 112656, upload-time = "2026-08-31T23:23:53.701Z" }
wheels = [
    { url = "https://files.pythonhosted.org/packages/fb/57/a58073f8659d7673b0b629987ab4295b56f44759c1b1f79b3c87330e452a/boto3-1.43.85-py3-none-any.whl", hash = "sha256:f11bdaca18e59f53ec0529f4d6203dd1f0bb7ff165e51559d62fd863024abc9b", size = 140028, upload-time = "2026-08-31T23:23:52.275Z" },
]

[package.optional-dependencies]
crt = [
    { name = "botocore", extra = ["crt"] },
]

[[package]]
name = "botocore"
version = "1.43.86"
source = { registry = "https://pypi.org/simple" }
dependencies = [
    { name = "jmespath" },
    { name = "python-dateutil" },
    { name = "urllib3" },
]
sdist = { url = "https://files.pythonhosted.org/packages/58/77/0ed1c398b7d3aa5d02c1b15df32a049e07961339fe41640af1440079c2f7/botocore-1.43.86.tar.gz", hash = "sha256:0e943c77ab6a54aaaf4d57e6026ede5c3dca341af71ce91f71849a6eae9d5dbf", size = 16059433, upload-time = "2026-09-01T19:23:57.72Z" }
wheels = [
    { url = "https://files.pythonhosted.org/packages/41/59/eb95d57ea576feaf1693f5e914f9f27ff9961429cf9ecbc85cef610a6d84/botocore-1.43.86-py3-none-any.whl", hash = "sha256:4efc7fbd6e7616edbd55623bb585a044906149b9a5d3d8558420506526e5a5ac", size = 15751556, upload-time = "2026-09-01T19:23:54.013Z" },
]

[package.optional-dependencies]
crt = [
    { name = "awscrt" },
]

[[package]]
name = "botocore-stubs"
version = "1.43.14"
source = { registry = "https://pypi.org/simple" }
dependencies = [
    { name = "types-awscrt" },
]
sdist = { url = "https://files.pythonhosted.org/packages/7f/81/79693e833291c00dc89ee610e5e915381b6f08233912e28df50106840780/botocore_stubs-1.43.14.tar.gz", hash = "sha256:9e3bc1fdd51da7473f0df726c82747a1b0ae913449d629659765c247fecc2039", size = 42738, upload-time = "2026-05-25T06:06:37.484Z" }
wheels = [
    { url = "https://files.pythonhosted.org/packages/89/ca/f017727b11895908c5dedc829cf2ec35e0c4b2a26ba875db325fef2cefdf/botocore_stubs-1.43.14-py3-none-any.whl", hash = "sha256:fb98f1475c92fd718644e786b5c543a20f1b1f610e89e0a7191c3f1f429c75aa", size = 67093, upload-time = "2026-05-25T06:06:34.532Z" },
]

[[package]]
name = "cachetools"
version = "7.1.4"
source = { registry = "https://pypi.org/simple" }
sdist = { url = "https://files.pythonhosted.org/packages/f4/8b/0d3945a13955303b81272f759a0331e54c5c793da455e6f5706b89d2639c/cachetools-7.1.4.tar.gz", hash = "sha256:437f55a4e0c1b01a4f3077cc470e6991d47430970e36fbcb77e2be0df4fc1cd6", size = 40085, upload-time = "2026-05-21T22:40:43.376Z" }
wheels = [
    { url = "https://files.pythonhosted.org/packages/8c/7b/1fc1c09cc0756cf25861a3be10565915953876da48bb228fb9a672b20a42/cachetools-7.1.4-py3-none-any.whl", hash = "sha256:323dc4127934744db5b54eb4924482d7edafbf9554e820d1531c2e08c0e4ef54", size = 16761, upload-time = "2026-05-21T22:40:41.845Z" },
]

[[package]]
name = "certifi"
version = "2026.6.17"
source = { registry = "https://pypi.org/simple" }
sdist = { url = "https://files.pythonhosted.org/packages/c9/c7/424b75da314c1045981bd9777432fad05a9e0c69daa4ed7e308bbaffe405/certifi-2026.6.17.tar.gz", hash = "sha256:024c88eeec92ca068db80f02b8b07c9cef7b9fe261d1d535abfd5abd6f6af432", size = 134594, upload-time = "2026-06-17T10:31:07.894Z" }
wheels = [
    { url = "https://files.pythonhosted.org/packages/ef/2f/c5464532e965badff2f4c4c1a3a83f5697f0d7c407ed0cda44aaa99bb451/certifi-2026.6.17-py3-none-any.whl", hash = "sha256:2227dcbaafe0d2f59279d1762ddddc37783ed4354594f194ffc31d20f41fc3db", size = 133289, upload-time = "2026-06-17T10:31:06.348Z" },
]

[[package]]
name = "charset-normalizer"
version = "3.4.7"
source = { registry = "https://pypi.org/simple" }
sdist = { url = "https://files.pythonhosted.org/packages/e7/a1/67fe25fac3c7642725500a3f6cfe5821ad557c3abb11c9d20d12c7008d3e/charset_normalizer-3.4.7.tar.gz", hash = "sha256:ae89db9e5f98a11a4bf50407d4363e7b09b31e55bc117b4f7d80aab97ba009e5", size = 144271, upload-time = "2026-04-02T09:28:39.342Z" }
wheels = [
    { url = "https://files.pythonhosted.org/packages/c1/3b/66777e39d3ae1ddc77ee606be4ec6d8cbd4c801f65e5a1b6f2b11b8346dd/charset_normalizer-3.4.7-cp313-cp313-macosx_10_13_universal2.whl", hash = "sha256:f496c9c3cc02230093d8330875c4c3cdfc3b73612a5fd921c65d39cbcef08063", size = 309627, upload-time = "2026-04-02T09:26:45.198Z" },
    { url = "https://files.pythonhosted.org/packages/2e/4e/b7f84e617b4854ade48a1b7915c8ccfadeba444d2a18c291f696e37f0d3b/charset_normalizer-3.4.7-cp313-cp313-manylinux2014_aarch64.manylinux_2_17_aarch64.manylinux_2_28_aarch64.whl", hash = "sha256:0ea948db76d31190bf08bd371623927ee1339d5f2a0b4b1b4a4439a65298703c", size = 207008, upload-time = "2026-04-02T09:26:46.824Z" },
    { url = "https://files.pythonhosted.org/packages/c4/bb/ec73c0257c9e11b268f018f068f5d00aa0ef8c8b09f7753ebd5f2880e248/charset_normalizer-3.4.7-cp313-cp313-manylinux2014_ppc64le.manylinux_2_17_ppc64le.manylinux_2_28_ppc64le.whl", hash = "sha256:a277ab8928b9f299723bc1a2dabb1265911b1a76341f90a510368ca44ad9ab66", size = 228303, upload-time = "2026-04-02T09:26:48.397Z" },
    { url = "https://files.pythonhosted.org/packages/85/fb/32d1f5033484494619f701e719429c69b766bfc4dbc61aa9e9c8c166528b/charset_normalizer-3.4.7-cp313-cp313-manylinux2014_s390x.manylinux_2_17_s390x.manylinux_2_28_s390x.whl", hash = "sha256:3bec022aec2c514d9cf199522a802bd007cd588ab17ab2525f20f9c34d067c18", size = 224282, upload-time = "2026-04-02T09:26:49.684Z" },
    { url = "https://files.pythonhosted.org/packages/fa/07/330e3a0dda4c404d6da83b327270906e9654a24f6c546dc886a0eb0ffb23/charset_normalizer-3.4.7-cp313-cp313-manylinux2014_x86_64.manylinux_2_17_x86_64.manylinux_2_28_x86_64.whl", hash = "sha256:e044c39e41b92c845bc815e5ae4230804e8e7bc29e399b0437d64222d92809dd", size = 215595, upload-time = "2026-04-02T09:26:50.915Z" },
    { url = "https://files.pythonhosted.org/packages/e3/7c/fc890655786e423f02556e0216d4b8c6bcb6bdfa890160dc66bf52dee468/charset_normalizer-3.4.7-cp313-cp313-manylinux_2_31_armv7l.whl", hash = "sha256:f495a1652cf3fbab2eb0639776dad966c2fb874d79d87ca07f9d5f059b8bd215", size = 201986, upload-time = "2026-04-02T09:26:52.197Z" },
    { url = "https://files.pythonhosted.org/packages/d8/97/bfb18b3db2aed3b90cf54dc292ad79fdd5ad65c4eae454099475cbeadd0d/charset_normalizer-3.4.7-cp313-cp313-manylinux_2_31_riscv64.manylinux_2_39_riscv64.whl", hash = "sha256:e712b419df8ba5e42b226c510472b37bd57b38e897d3eca5e8cfd410a29fa859", size = 211711, upload-time = "2026-04-02T09:26:53.49Z" },
    { url = "https://files.pythonhosted.org/packages/6f/a5/a581c13798546a7fd557c82614a5c65a13df2157e9ad6373166d2a3e645d/charset_normalizer-3.4.7-cp313-cp313-musllinux_1_2_aarch64.whl", hash = "sha256:7804338df6fcc08105c7745f1502ba68d900f45fd770d5bdd5288ddccb8a42d8", size = 210036, upload-time = "2026-04-02T09:26:54.975Z" },
    { url = "https://files.pythonhosted.org/packages/8c/bf/b3ab5bcb478e4193d517644b0fb2bf5497fbceeaa7a1bc0f4d5b50953861/charset_normalizer-3.4.7-cp313-cp313-musllinux_1_2_armv7l.whl", hash = "sha256:481551899c856c704d58119b5025793fa6730adda3571971af568f66d2424bb5", size = 202998, upload-time = "2026-04-02T09:26:56.303Z" },
    { url = "https://files.pythonhosted.org/packages/e7/4e/23efd79b65d314fa320ec6017b4b5834d5c12a58ba4610aa353af2e2f577/charset_normalizer-3.4.7-cp313-cp313-musllinux_1_2_ppc64le.whl", hash = "sha256:f59099f9b66f0d7145115e6f80dd8b1d847176df89b234a5a6b3f00437aa0832", size = 230056, upload-time = "2026-04-02T09:26:57.554Z" },
    { url = "https://files.pythonhosted.org/packages/b9/9f/1e1941bc3f0e01df116e68dc37a55c4d249df5e6fa77f008841aef68264f/charset_normalizer-3.4.7-cp313-cp313-musllinux_1_2_riscv64.whl", hash = "sha256:f59ad4c0e8f6bba240a9bb85504faa1ab438237199d4cce5f622761507b8f6a6", size = 211537, upload-time = "2026-04-02T09:26:58.843Z" },
    { url = "https://files.pythonhosted.org/packages/80/0f/088cbb3020d44428964a6c97fe1edfb1b9550396bf6d278330281e8b709c/charset_normalizer-3.4.7-cp313-cp313-musllinux_1_2_s390x.whl", hash = "sha256:3dedcc22d73ec993f42055eff4fcfed9318d1eeb9a6606c55892a26964964e48", size = 226176, upload-time = "2026-04-02T09:27:00.437Z" },
    { url = "https://files.pythonhosted.org/packages/6a/9f/130394f9bbe06f4f63e22641d32fc9b202b7e251c9aef4db044324dac493/charset_normalizer-3.4.7-cp313-cp313-musllinux_1_2_x86_64.whl", hash = "sha256:64f02c6841d7d83f832cd97ccf8eb8a906d06eb95d5276069175c696b024b60a", size = 217723, upload-time = "2026-04-02T09:27:02.021Z" },
    { url = "https://files.pythonhosted.org/packages/73/55/c469897448a06e49f8fa03f6caae97074fde823f432a98f979cc42b90e69/charset_normalizer-3.4.7-cp313-cp313-win32.whl", hash = "sha256:4042d5c8f957e15221d423ba781e85d553722fc4113f523f2feb7b188cc34c5e", size = 148085, upload-time = "2026-04-02T09:27:03.192Z" },
    { url = "https://files.pythonhosted.org/packages/5d/78/1b74c5bbb3f99b77a1715c91b3e0b5bdb6fe302d95ace4f5b1bec37b0167/charset_normalizer-3.4.7-cp313-cp313-win_amd64.whl", hash = "sha256:3946fa46a0cf3e4c8cb1cc52f56bb536310d34f25f01ca9b6c16afa767dab110", size = 158819, upload-time = "2026-04-02T09:27:04.454Z" },
    { url = "https://files.pythonhosted.org/packages/68/86/46bd42279d323deb8687c4a5a811fd548cb7d1de10cf6535d099877a9a9f/charset_normalizer-3.4.7-cp313-cp313-win_arm64.whl", hash = "sha256:80d04837f55fc81da168b98de4f4b797ef007fc8a79ab71c6ec9bc4dd662b15b", size = 147915, upload-time = "2026-04-02T09:27:05.971Z" },
    { url = "https://files.pythonhosted.org/packages/db/8f/61959034484a4a7c527811f4721e75d02d653a35afb0b6054474d8185d4c/charset_normalizer-3.4.7-py3-none-any.whl", hash = "sha256:3dce51d0f5e7951f8bb4900c257dad282f49190fdbebecd4ba99bcc41fef404d", size = 61958, upload-time = "2026-04-02T09:28:37.794Z" },
]

[[package]]
name = "contractions"
version = "0.1.73"
source = { registry = "https://pypi.org/simple" }
dependencies = [
    { name = "textsearch" },
]
wheels = [
    { url = "https://files.pythonhosted.org/packages/bb/e4/725241b788963b460ce0118bfd5c505dd3d1bdd020ee740f9f39044ed4a7/contractions-0.1.73-py2.py3-none-any.whl", hash = "sha256:398cee3b69c37307a50dce4930d961a0f42b48fdae9562df73bed5683008d3bc", size = 8651, upload-time = "2022-11-15T14:05:54.573Z" },
]

[[package]]
name = "gata-prepare-text"
source = { editable = "." }
dependencies = [
    { name = "aws-lambda-powertools" },
    { name = "boto3", extra = ["crt"] },
    { name = "contractions" },
    { name = "types-boto3" },
    { name = "zenpy" },
]

[package.dev-dependencies]
dev = [
    { name = "ruff" },
    { name = "ty" },
]

[package.metadata]
requires-dist = [
    { name = "aws-lambda-powertools", specifier = "==3.31.0" },
    { name = "boto3", extras = ["crt"], specifier = "==1.43.85" },
    { name = "contractions", specifier = "==0.1.73" },
    { name = "types-boto3", specifier = "==1.43.85" },
    { name = "zenpy", specifier = "==2.0.57" },
]

[package.metadata.requires-dev]
dev = [
    { name = "ruff", specifier = "==0.15.20" },
    { name = "ty", specifier = "==0.0.56" },
]

[[package]]
name = "idna"
version = "3.18"
source = { registry = "https://pypi.org/simple" }
sdist = { url = "https://files.pythonhosted.org/packages/cd/63/9496c57188a2ee585e0f1db071d75089a11e98aa86eb99d9d7618fc1edce/idna-3.18.tar.gz", hash = "sha256:ffb385a7e039654cef1ab9ef32c6fafe283c0c0467bba1d9029738ce4a14a848", size = 196711, upload-time = "2026-06-02T14:34:07.794Z" }
wheels = [
    { url = "https://files.pythonhosted.org/packages/1e/5e/d4e9f1a599fb8e573b7b87160658329fbf28d19eac2718f51fc3def3aa5a/idna-3.18-py3-none-any.whl", hash = "sha256:7f952cbe720b688055e3f87de14f5c3e5fdaa8bc3928985c4077ca689de849a2", size = 65455, upload-time = "2026-06-02T14:34:06.319Z" },
]

[[package]]
name = "jmespath"
version = "1.1.0"
source = { registry = "https://pypi.org/simple" }
sdist = { url = "https://files.pythonhosted.org/packages/d3/59/322338183ecda247fb5d1763a6cbe46eff7222eaeebafd9fa65d4bf5cb11/jmespath-1.1.0.tar.gz", hash = "sha256:472c87d80f36026ae83c6ddd0f1d05d4e510134ed462851fd5f754c8c3cbb88d", size = 27377, upload-time = "2026-01-22T16:35:26.279Z" }
wheels = [
    { url = "https://files.pythonhosted.org/packages/14/2f/967ba146e6d58cf6a652da73885f52fc68001525b4197effc174321d70b4/jmespath-1.1.0-py3-none-any.whl", hash = "sha256:a5663118de4908c91729bea0acadca56526eb2698e83de10cd116ae0f4e97c64", size = 20419, upload-time = "2026-01-22T16:35:24.919Z" },
]

[[package]]
name = "pyahocorasick"
version = "2.3.1"
source = { registry = "https://pypi.org/simple" }
sdist = { url = "https://files.pythonhosted.org/packages/b0/3c/dc9e31a0f004eabe2ef5d31456766555a02e2af29e159daa31266934af79/pyahocorasick-2.3.1.tar.gz", hash = "sha256:9d0f6bb522237ed7f111ed59c9e8baea7d1e75813587b6773babd43bda35db9f", size = 105024, upload-time = "2026-04-27T16:30:25.957Z" }
wheels = [
    { url = "https://files.pythonhosted.org/packages/31/16/4ea7db7a118778a2f56b217b8f142d1bd55e10cb6c6d59329bc58c41952a/pyahocorasick-2.3.1-cp313-cp313-macosx_10_13_universal2.whl", hash = "sha256:1b16eab55f961671c6eff5ead4e3fda6e85982acea86fda734b68e39e52dcd3b", size = 60118, upload-time = "2026-04-27T16:31:48.173Z" },
    { url = "https://files.pythonhosted.org/packages/ec/53/08c717e8696b3f243be89278155512a360a13b5a11bfe87a3a417f180c5e/pyahocorasick-2.3.1-cp313-cp313-macosx_11_0_arm64.whl", hash = "sha256:ec6908893dffc271c1f89fe5a0f6ae872c5b7fdfb82ce032185a1fcf02339a60", size = 34160, upload-time = "2026-04-27T16:31:49.287Z" },
    { url = "https://files.pythonhosted.org/packages/5c/11/4464450c9c44719ab47082eda69424de22af51ef68c482f7e8c48a30a727/pyahocorasick-2.3.1-cp313-cp313-manylinux2014_aarch64.manylinux_2_17_aarch64.whl", hash = "sha256:43e79e7f1737e8bd5290ee61bfbbc0af0a44975b8aa719ffbb00e3cd8c5c8e35", size = 113498, upload-time = "2026-04-27T16:31:50.925Z" },
    { url = "https://files.pythonhosted.org/packages/64/e0/398f558e004616411ae6914666f0aa51eb019405ef4f48358e6a9b26bc4d/pyahocorasick-2.3.1-cp313-cp313-manylinux2014_x86_64.manylinux_2_17_x86_64.whl", hash = "sha256:343c93387146ddef771118cab8fc60e3be1c9c5595b647ad6c898fc940a63e20", size = 114814, upload-time = "2026-04-27T16:31:52.329Z" },
    { url = "https://files.pythonhosted.org/packages/84/dc/a7c78f3fafdee825ab2a69c7aeedc8c3bf1a82f69a710071bbeac3d8be29/pyahocorasick-2.3.1-cp313-cp313-musllinux_1_2_aarch64.whl", hash = "sha256:648ee2e1dae6753cbe153d610cd8208f3da00e20456d3696de49a7606106afad", size = 116447, upload-time = "2026-04-27T16:31:54.196Z" },
    { url = "https://files.pythonhosted.org/packages/70/99/f028911b158fd9d6ea0c50a99b17b798f4cbb4d14aedf9bc07dcebfd406c/pyahocorasick-2.3.1-cp313-cp313-musllinux_1_2_x86_64.whl", hash = "sha256:7b52bb618a6d29223470c5518daa59f319cbbca878373dcec3ca89a63759c0e5", size = 117863, upload-time = "2026-04-27T16:31:55.672Z" },
    { url = "https://files.pythonhosted.org/packages/30/75/5d5d377fab5b93462ff22496ac5a09725534ec37217626b0a5480c321e5a/pyahocorasick-2.3.1-cp313-cp313-win_amd64.whl", hash = "sha256:31c743e80e92f81c390214b69f474945689f0f83db8d9bae7118a4623e5da63d", size = 35244, upload-time = "2026-04-27T16:31:56.813Z" },
]

[[package]]
name = "python-dateutil"
version = "2.9.0.post0"
source = { registry = "https://pypi.org/simple" }
dependencies = [
    { name = "six" },
]
sdist = { url = "https://files.pythonhosted.org/packages/66/c0/0c8b6ad9f17a802ee498c46e004a0eb49bc148f2fd230864601a86dcf6db/python-dateutil-2.9.0.post0.tar.gz", hash = "sha256:37dd54208da7e1cd875388217d5e00ebd4179249f90fb72437e91a35459a0ad3", size = 342432, upload-time = "2024-03-01T18:36:20.211Z" }
wheels = [
    { url = "https://files.pythonhosted.org/packages/ec/57/56b9bcc3c9c6a792fcbaf139543cee77261f3651ca9da0c93f5c1221264b/python_dateutil-2.9.0.post0-py2.py3-none-any.whl", hash = "sha256:a8b2bc7bffae282281c8140a97d3aa9c14da0b136dfe83f850eea9a5f7470427", size = 229892, upload-time = "2024-03-01T18:36:18.57Z" },
]

[[package]]
name = "pytz"
version = "2026.2"
source = { registry = "https://pypi.org/simple" }
sdist = { url = "https://files.pythonhosted.org/packages/ff/46/dd499ec9038423421951e4fad73051febaa13d2df82b4064f87af8b8c0c3/pytz-2026.2.tar.gz", hash = "sha256:0e60b47b29f21574376f218fe21abc009894a2321ea16c6754f3cad6eb7cdd6a", size = 320861, upload-time = "2026-05-04T01:35:29.667Z" }
wheels = [
    { url = "https://files.pythonhosted.org/packages/ec/dd/96da98f892250475bdf2328112d7468abdd4acc7b902b6af23f4ed958ea0/pytz-2026.2-py2.py3-none-any.whl", hash = "sha256:04156e608bee23d3792fd45c94ae47fae1036688e75032eea2e3bf0323d1f126", size = 510141, upload-time = "2026-05-04T01:35:27.408Z" },
]

[[package]]
name = "requests"
version = "2.34.2"
source = { registry = "https://pypi.org/simple" }
dependencies = [
    { name = "certifi" },
    { name = "charset-normalizer" },
    { name = "idna" },
    { name = "urllib3" },
]
sdist = { url = "https://files.pythonhosted.org/packages/ac/c3/e2a2b89f2d3e2179abd6d00ebd70bff6273f37fb3e0cc209f48b39d00cbf/requests-2.34.2.tar.gz", hash = "sha256:f288924cae4e29463698d6d60bc6a4da69c89185ad1e0bcc4104f584e960b9ed", size = 142856, upload-time = "2026-05-14T19:25:27.735Z" }
wheels = [
    { url = "https://files.pythonhosted.org/packages/a0/f4/c67b0b3f1b9245e8d266f0f112c500d50e5b4e83cb6f3b71b6528104182a/requests-2.34.2-py3-none-any.whl", hash = "sha256:2a0d60c172f83ac6ab31e4554906c0f3b3588d37b5cb939b1c061f4907e278e0", size = 73075, upload-time = "2026-05-14T19:25:26.443Z" },
]

[[package]]
name = "ruff"
version = "0.15.20"
source = { registry = "https://pypi.org/simple" }
sdist = { url = "https://files.pythonhosted.org/packages/43/dc/35b341fc554ba02f217fc10da57d1a75168cfbcf75b0ef2202176d4c4f2d/ruff-0.15.20.tar.gz", hash = "sha256:1416eb04349192646b54de98f146c4f59afe37d0decfc02c3cbbf396f3a28566", size = 4755489, upload-time = "2026-06-25T17:20:37.578Z" }
wheels = [
    { url = "https://files.pythonhosted.org/packages/94/d9/2d5014f0253ba541d2061d9fa7193f48e941c8b21bb88a7ff9bbe0bd0596/ruff-0.15.20-py3-none-linux_armv6l.whl", hash = "sha256:00e188c53e499c3c1637f73c91dcf2fb56d576cab76ce1be50a27c4e80e37078", size = 10839665, upload-time = "2026-06-25T17:19:44.702Z" },
    { url = "https://files.pythonhosted.org/packages/c6/d3/ac1798ba64f670698867fcfc591d50e7e421bef137db564858f619a30fcf/ruff-0.15.20-py3-none-macosx_10_12_x86_64.whl", hash = "sha256:9ebd1fd9b9c95fc0bd7b2761aebec1f030013d2e193a2901b224af68fe47251b", size = 11208649, upload-time = "2026-06-25T17:19:48.787Z" },
    { url = "https://files.pythonhosted.org/packages/47/47/d3ac899991202095dfcf3d5176be4272642be3cf981a2f1a30f72a2afb95/ruff-0.15.20-py3-none-macosx_11_0_arm64.whl", hash = "sha256:c5b16cdd67ca108185cd36dce98c576350c03b1660a751de725fb049193a0632", size = 10622638, upload-time = "2026-06-25T17:19:51.354Z" },
    { url = "https://files.pythonhosted.org/packages/33/13/4e043fe30aa94d4ff5213a9881fc296d12960f5971b234a5263fdc225312/ruff-0.15.20-py3-none-manylinux_2_17_aarch64.manylinux2014_aarch64.whl", hash = "sha256:3413bb3c3d2ca6a8208f1f4809cd2dca3c6de6d0b491c0e70847672bde6e6efd", size = 10984227, upload-time = "2026-06-25T17:19:54.044Z" },
    { url = "https://files.pythonhosted.org/packages/76/e6/92e7bf40388bc5800073b96564f56264f7e48bfd1a498f5ced6ae6d5a769/ruff-0.15.20-py3-none-manylinux_2_17_armv7l.manylinux2014_armv7l.whl", hash = "sha256:bd7ec42b3bb3da066488db093308a69c4ac5ee6d2af333a86ba6e2eb2e7dd44b", size = 10622882, upload-time = "2026-06-25T17:19:57.037Z" },
    { url = "https://files.pythonhosted.org/packages/13/7a/43460be3f24495a3aa46d4b16873e2c4941b3b5f0b00cf88c03b7b94b339/ruff-0.15.20-py3-none-manylinux_2_17_i686.manylinux2014_i686.whl", hash = "sha256:e1a36ad0eb77fba9aabfb69ede54de6f376d04ac18ebea022847046d340a8267", size = 11474808, upload-time = "2026-06-25T17:20:00.357Z" },
    { url = "https://files.pythonhosted.org/packages/27/a0/f37077884873221c6b33b4ab49eb18f9f88e54a16a25a5bca59bef46dd66/ruff-0.15.20-py3-none-manylinux_2_17_ppc64le.manylinux2014_ppc64le.whl", hash = "sha256:b6df3b1e4610432f0386dba04d853b5f08cbbc903410c6fcc02f620f05aff53c", size = 12293094, upload-time = "2026-06-25T17:20:03.446Z" },
    { url = "https://files.pythonhosted.org/packages/a6/74/165545b60256a9704c21ac0ec4a0d07933b320812f9584836c9f4aca4292/ruff-0.15.20-py3-none-manylinux_2_17_s390x.manylinux2014_s390x.whl", hash = "sha256:e89f198a1ea6ef0d727c1cf16088bc91a6cb0ab947dedc966715691647186eae", size = 11526176, upload-time = "2026-06-25T17:20:06.301Z" },
    { url = "https://files.pythonhosted.org/packages/86/b1/a976a136d40ade83ce743578399865f57001003a409acadc0ecbb3051082/ruff-0.15.20-py3-none-manylinux_2_17_x86_64.manylinux2014_x86_64.whl", hash = "sha256:309809086c2acb67624950a3c8133e80f32d0d3e27106c0cd60ff26657c9f24b", size = 11520767, upload-time = "2026-06-25T17:20:09.191Z" },
    { url = "https://files.pythonhosted.org/packages/19/0f/f032696cb01c9b54c0263fa393474d7758f1cdc021a01b04e3cbc2500999/ruff-0.15.20-py3-none-manylinux_2_31_riscv64.whl", hash = "sha256:2d2374caa2f2c2f9e2b7da0a50802cfb8b79f55a9b5e49379f564544fbf56487", size = 11500132, upload-time = "2026-06-25T17:20:13.602Z" },
    { url = "https://files.pythonhosted.org/packages/4b/f4/51b1a14bc69e8c224b15dab9cce8e99b425e0455d462caa2b3c9be2b6a8e/ruff-0.15.20-py3-none-musllinux_1_2_aarch64.whl", hash = "sha256:a1ed17b65293e0c2f22fc387bc13198a5de94bf4429589b0ff6946b0feaf21a3", size = 10943828, upload-time = "2026-06-25T17:20:16.635Z" },
    { url = "https://files.pythonhosted.org/packages/71/4b/fe267640783cd02bf6c5cc290b1df1051be2ec294c678b5c15fe19e52343/ruff-0.15.20-py3-none-musllinux_1_2_armv7l.whl", hash = "sha256:f701305e66b38ea6c91882490eb73459796808e4c6362a1b765255e0cdcd4053", size = 10645418, upload-time = "2026-06-25T17:20:19.4Z" },
    { url = "https://files.pythonhosted.org/packages/b0/c0/a65aa4ec2f5e87a1df32dc3ec1fede434fe3dfd5cbcf3b503cafc676ab54/ruff-0.15.20-py3-none-musllinux_1_2_i686.whl", hash = "sha256:5b9c0c367ad8e5d0d5b5b8537864c469a0a0e55417aadfbeca41fa61333be9f4", size = 11211770, upload-time = "2026-06-25T17:20:22.033Z" },
    { url = "https://files.pythonhosted.org/packages/5a/a4/0caa331d954ae2723d729d351c989cb4ca8b6077d5c6c2cb6de75e98c041/ruff-0.15.20-py3-none-musllinux_1_2_x86_64.whl", hash = "sha256:01cc00dd58f0df339d0e902219dd53990ea99996a0344e5d9cc8d45d5307e460", size = 11618698, upload-time = "2026-06-25T17:20:25.259Z" },
    { url = "https://files.pythonhosted.org/packages/10/9b/5f14927848d2fd4aa891fd88d883788c5a7baba561c7874732364045708c/ruff-0.15.20-py3-none-win32.whl", hash = "sha256:ed65ef510e43a137207e0f01cfcf998aeddb1aeeda5c9d35023e910284d7cf21", size = 10857322, upload-time = "2026-06-25T17:20:28.612Z" },
    { url = "https://files.pythonhosted.org/packages/fa/f0/fe47c501f9dea92a26d788ff98bb5d92ed4cb4c88792c5c88af6b697dc8e/ruff-0.15.20-py3-none-win_amd64.whl", hash = "sha256:a525c81c70fb0380344dd1d8745d8cc1c890b7fc94a58d5a07bd8eb9557b8415", size = 11993274, upload-time = "2026-06-25T17:20:31.871Z" },
    { url = "https://files.pythonhosted.org/packages/d7/2b/9555445e1201d92b3195f45cdb153a0b68f24e0a4273f6e3d5ab46e212bb/ruff-0.15.20-py3-none-win_arm64.whl", hash = "sha256:2f5b2a6d614e8700388806a14996c40fab2c47b819ef57d790a34878858ed9ca", size = 11343498, upload-time = "2026-06-25T17:20:35.03Z" },
]

[[package]]
name = "s3transfer"
version = "0.19.0"
source = { registry = "https://pypi.org/simple" }
dependencies = [
    { name = "botocore" },
]
sdist = { url = "https://files.pythonhosted.org/packages/f6/94/dcdaeb1713cab9c84def276cfac7388b17c7d9855bbcfe88d77e4dbafd44/s3transfer-0.19.0.tar.gz", hash = "sha256:ce436931687addc4c1712d52d40b32f53e88315723f107ffa20ba82b05a0f685", size = 165171, upload-time = "2026-06-16T19:44:51.599Z" }
wheels = [
    { url = "https://files.pythonhosted.org/packages/46/5f/4c174edad94f82de888ac00a5ddd8d07b35609b6c94f0bdf4d74af57703e/s3transfer-0.19.0-py3-none-any.whl", hash = "sha256:777cc2415536f1debadb5c2ef7779275d0fc0fe0e042411cdd6caebeb2685262", size = 90101, upload-time = "2026-06-16T19:44:50.439Z" },
]

[[package]]
name = "six"
version = "1.17.0"
source = { registry = "https://pypi.org/simple" }
sdist = { url = "https://files.pythonhosted.org/packages/94/e7/b2c673351809dca68a0e064b6af791aa332cf192da575fd474ed7d6f16a2/six-1.17.0.tar.gz", hash = "sha256:ff70335d468e7eb6ec65b95b99d3a2836546063f63acc5171de367e834932a81", size = 34031, upload-time = "2024-12-04T17:35:28.174Z" }
wheels = [
    { url = "https://files.pythonhosted.org/packages/b7/ce/149a00dd41f10bc29e5921b496af8b574d8413afcd5e30dfa0ed46c2cc5e/six-1.17.0-py2.py3-none-any.whl", hash = "sha256:4721f391ed90541fddacab5acf947aa0d3dc7d27b2e1e8eda2be8970586c3274", size = 11050, upload-time = "2024-12-04T17:35:26.475Z" },
]

[[package]]
name = "textsearch"
version = "0.0.24"
source = { registry = "https://pypi.org/simple" }
dependencies = [
    { name = "anyascii" },
    { name = "pyahocorasick" },
]
sdist = { url = "https://files.pythonhosted.org/packages/5e/7c/18ab4807196aac89a114a98732462436cbd48db16873dc4669087f354bc7/textsearch-0.0.24.tar.gz", hash = "sha256:2d23b5c3116715b65bccc18bc870ecc236ec8480d48cd5f257cc60bf66bb241a", size = 49755, upload-time = "2022-09-02T14:04:42.124Z" }
wheels = [
    { url = "https://files.pythonhosted.org/packages/e2/0f/6f08dd89e9d71380a369b1f5b6c97a32d62fc9cfacc1c5b8329505b9e495/textsearch-0.0.24-py2.py3-none-any.whl", hash = "sha256:1bbc4cc36300fbf0bbaa865500f84e907c85f6a48faf37da6e098407b405ed09", size = 7606, upload-time = "2022-09-02T14:04:40.105Z" },
]

[[package]]
name = "ty"
version = "0.0.56"
source = { registry = "https://pypi.org/simple" }
sdist = { url = "https://files.pythonhosted.org/packages/55/07/fb29aea5235b0aa8ecfc4d1cc6ddf9fba8b863d67d96c6d345694d644c43/ty-0.0.56.tar.gz", hash = "sha256:84d114dc3796361c0fc72945016eabd74d46b9ee64f198cb0e485719704681e5", size = 6050123, upload-time = "2026-07-01T16:44:56.036Z" }
wheels = [
    { url = "https://files.pythonhosted.org/packages/dc/48/bce79e7ca5c1cc529d3e0d37ddd1121aea4b68a4f749974ad1cc77161871/ty-0.0.56-py3-none-linux_armv6l.whl", hash = "sha256:186d4a53e15747c947e1ec3d7eec8e345d8e40a1ca10e634c585db52497e87dd", size = 11643066, upload-time = "2026-07-01T16:44:18.374Z" },
    { url = "https://files.pythonhosted.org/packages/80/d1/22555d8a1d719661f10050f3865d877bbf497da908961c75fe22217dd18a/ty-0.0.56-py3-none-macosx_10_12_x86_64.whl", hash = "sha256:aae1a980fd9535da0469b7ba2b2e1b54a907743a5e0f442dd57eee9f5bfd034c", size = 11407487, upload-time = "2026-07-01T16:44:20.956Z" },
    { url = "https://files.pythonhosted.org/packages/cf/2d/b3b7a74ce8bc59ef48843ad80179bb0d9598bbd6cfc0d11d519bdf6b1352/ty-0.0.56-py3-none-macosx_11_0_arm64.whl", hash = "sha256:afd3058c0a6c5f241e814734f133008c93ee805f61c9cf4ce7412b8822b5d9ad", size = 10962270, upload-time = "2026-07-01T16:44:22.959Z" },
    { url = "https://files.pythonhosted.org/packages/64/ac/6c2fd7de0304a8a7218a756af74f7e62a5e8540fdb175e0a869e51042345/ty-0.0.56-py3-none-manylinux_2_17_aarch64.manylinux2014_aarch64.whl", hash = "sha256:058b52f7a823ac13aae3cae30809dd6b5145794b64d8478f9ef38c75d79b4483", size = 11471406, upload-time = "2026-07-01T16:44:25.327Z" },
    { url = "https://files.pythonhosted.org/packages/50/b6/11d861156861c03c7726b74558f9a0e0092661aff83a4fda1279df28c425/ty-0.0.56-py3-none-manylinux_2_17_armv7l.manylinux2014_armv7l.whl", hash = "sha256:2c66e00c1522add1f2bbdd2e45828c953b35c306b7bef03ec9169c75a63699a0", size = 11445612, upload-time = "2026-07-01T16:44:27.531Z" },
    { url = "https://files.pythonhosted.org/packages/fb/ba/09df108582090f3c0770ec4bc8675affed60248f6793a78d909be16211d9/ty-0.0.56-py3-none-manylinux_2_17_i686.manylinux2014_i686.whl", hash = "sha256:40903d71c669a30691b5a5d5728056c7877a1bd6be4f233a38883a8b28cf34d7", size = 12093889, upload-time = "2026-07-01T16:44:29.548Z" },
    { url = "https://files.pythonhosted.org/packages/d7/f7/dbb4b4ccb69cd64c209ae55b1ab788ace8222c2bc1f6845be9e7cbedbf25/ty-0.0.56-py3-none-manylinux_2_17_ppc64le.manylinux2014_ppc64le.whl", hash = "sha256:63fe3947fe0c46c69a7d950e6832ee70a9ec17321fefbff3d2e3c20baf9e5bd0", size = 12666337, upload-time = "2026-07-01T16:44:31.586Z" },
    { url = "https://files.pythonhosted.org/packages/86/e9/73f903fe4a3d9ea02f26f57c1eb07e3b1029ec92b0e8c2364718893440e3/ty-0.0.56-py3-none-manylinux_2_17_s390x.manylinux2014_s390x.whl", hash = "sha256:71a0c1a72f9854532e710e119b6871ffe4542c8a65146f1f65dcd78fecd885b4", size = 12280247, upload-time = "2026-07-01T16:44:33.637Z" },
    { url = "https://files.pythonhosted.org/packages/d6/90/cebd222495832f1a00dcd321ba25f3cab804221a4991b992c2178bec68ee/ty-0.0.56-py3-none-manylinux_2_17_x86_64.manylinux2014_x86_64.whl", hash = "sha256:70d1665596494e24d8ebd198438872b5a56ec3cae5f2bcf6c673be797acc4e3c", size = 11991107, upload-time = "2026-07-01T16:44:36.122Z" },
    { url = "https://files.pythonhosted.org/packages/b7/07/8f7337a07250f42d975cdb6decf47fc5b421e6c7da5e3e7be1e85f63a7e5/ty-0.0.56-py3-none-manylinux_2_31_riscv64.whl", hash = "sha256:778f99e51558afc1dbbe48ee38ab6aae7b31390ed8c1a1ef1499b295e9f1e82f", size = 12298970, upload-time = "2026-07-01T16:44:38.243Z" },
    { url = "https://files.pythonhosted.org/packages/3c/b9/a52cd59034a48f5f18c6b155cc2cc36861d874b6d0af204b12c898024c3d/ty-0.0.56-py3-none-musllinux_1_2_aarch64.whl", hash = "sha256:867bc5708e0066bb4ff6c7db524bd5deea2676c62bfe71d3303138b3be850af0", size = 11425683, upload-time = "2026-07-01T16:44:40.473Z" },
    { url = "https://files.pythonhosted.org/packages/1d/2e/48e42d33357d52eefb695c0c3fcfc96879b73668a7447d1d1e0ad774fedc/ty-0.0.56-py3-none-musllinux_1_2_armv7l.whl", hash = "sha256:a6012f4189c928edb330a37deb9930f982380bd4aa7c4b8e0428eec9651c7551", size = 11469258, upload-time = "2026-07-01T16:44:42.513Z" },
    { url = "https://files.pythonhosted.org/packages/d5/01/ad1b4138be1e3fa97863af3925aa2134f17a593240c35dc38c3429fb5ad1/ty-0.0.56-py3-none-musllinux_1_2_i686.whl", hash = "sha256:8ee83de1a7ff4cc32837ec06134ce391d441bc5b35ecd8d3cfe053f120f3e4c1", size = 11758736, upload-time = "2026-07-01T16:44:44.567Z" },
    { url = "https://files.pythonhosted.org/packages/09/34/9d81967ff240eaa57e9249728ef7b7790747cf6d3c9a98ec86b2cfdcc8ee/ty-0.0.56-py3-none-musllinux_1_2_x86_64.whl", hash = "sha256:62619b3b0e2c6248ef30d3f0e2f2217ae9893040585be07f32324242f197cd6f", size = 12100242, upload-time = "2026-07-01T16:44:46.584Z" },
    { url = "https://files.pythonhosted.org/packages/c3/36/f51d4666d2de6cf33c1f3a1fcc4bb6b70b197dd6ceaa491eef71d78fe8e8/ty-0.0.56-py3-none-win32.whl", hash = "sha256:b30687bb5cd9729d34c889a289edf32770388d9bb05243e534e723fb45e0381b", size = 11093759, upload-time = "2026-07-01T16:44:49.171Z" },
    { url = "https://files.pythonhosted.org/packages/5e/b4/8fb5d4acfa4afb152245b20fa263069a7547bd1f8e4bfca4eda280c897d7/ty-0.0.56-py3-none-win_amd64.whl", hash = "sha256:ad4c8c47b6f4e3f9ed3fc0b1a5d650088d229e17dd8f63c1826d6bbe94cc3235", size = 12100327, upload-time = "2026-07-01T16:44:51.26Z" },
    { url = "https://files.pythonhosted.org/packages/b8/fc/6a183e71edde90d0c35c2303f23f7a45b6891d1a2c45daf7b8f869831e19/ty-0.0.56-py3-none-win_arm64.whl", hash = "sha256:57538f273d444a5f1293fa7860e967178afe3917611fc5eff16b64e1204fe0d6", size = 11538780, upload-time = "2026-07-01T16:44:53.8Z" },
]

[[package]]
name = "types-awscrt"
version = "0.34.1"
source = { registry = "https://pypi.org/simple" }
sdist = { url = "https://files.pythonhosted.org/packages/3e/59/44409a8fc06b444ab1a6f71dcb29d49a6e17e02424345eb51b051bebb345/types_awscrt-0.34.1.tar.gz", hash = "sha256:559aa04250f6a419a617dfb788f3e10903aaf74700ef23e521b64a411b83b803", size = 19062, upload-time = "2026-06-05T04:40:10.689Z" }
wheels = [
    { url = "https://files.pythonhosted.org/packages/e4/b1/214b12162b452ed6acd230065e6c587cde6b96871e3ce6d653f40888f8df/types_awscrt-0.34.1-py3-none-any.whl", hash = "sha256:20c752b6031544d8f694803c35174aee129f1be5ddf886ae46d22f7ffd9b7d75", size = 45688, upload-time = "2026-06-05T04:40:09.198Z" },
]

[[package]]
name = "types-boto3"
version = "1.43.85"
source = { registry = "https://pypi.org/simple" }
dependencies = [
    { name = "botocore-stubs" },
    { name = "types-s3transfer" },
]
sdist = { url = "https://files.pythonhosted.org/packages/ab/46/28c3eced6d4e472dd2dff23099c314449da602983483986de69ef53b69f2/types_boto3-1.43.85.tar.gz", hash = "sha256:0b7e3a7f5aa3a6614fd6c332c88ba1b54403f166847f96ef9290c9d7849ca6a6", size = 104954, upload-time = "2026-09-01T01:43:06.871Z" }
wheels = [
    { url = "https://files.pythonhosted.org/packages/17/05/ae8d18f4de32671d15e683d3f860cd683401acfa84f84f9f7a3498eaf0e5/types_boto3-1.43.85-py3-none-any.whl", hash = "sha256:4c0c345f8f3e8d3e5c2330ca2f75cbf1b661e6f6d552fa77b7bfc49800e6f4a0", size = 71416, upload-time = "2026-09-01T01:43:02.814Z" },
]

[[package]]
name = "types-s3transfer"
version = "0.16.0"
source = { registry = "https://pypi.org/simple" }
sdist = { url = "https://files.pythonhosted.org/packages/fe/64/42689150509eb3e6e82b33ee3d89045de1592488842ddf23c56957786d05/types_s3transfer-0.16.0.tar.gz", hash = "sha256:b4636472024c5e2b62278c5b759661efeb52a81851cde5f092f24100b1ecb443", size = 13557, upload-time = "2025-12-08T08:13:09.928Z" }
wheels = [
    { url = "https://files.pythonhosted.org/packages/98/27/e88220fe6274eccd3bdf95d9382918716d312f6f6cef6a46332d1ee2feff/types_s3transfer-0.16.0-py3-none-any.whl", hash = "sha256:1c0cd111ecf6e21437cb410f5cddb631bfb2263b77ad973e79b9c6d0cb24e0ef", size = 19247, upload-time = "2025-12-08T08:13:08.426Z" },
]

[[package]]
name = "typing-extensions"
version = "4.16.0"
source = { registry = "https://pypi.org/simple" }
sdist = { url = "https://files.pythonhosted.org/packages/f6/cc/6253133b5bb138fc3306cebfbda2c520f545d36b5be2c7255cc528bb45d6/typing_extensions-4.16.0.tar.gz", hash = "sha256:dc983d19a509c94dba722ee6abd33940f7c05a89e243c47e907eb4db6f1a43e5", size = 113555, upload-time = "2026-07-02T08:40:05.92Z" }
wheels = [
    { url = "https://files.pythonhosted.org/packages/49/d3/b8441a820a491ddfc024b0b0cf0393375b75ea13866d9c66727e54c2fc80/typing_extensions-4.16.0-py3-none-any.whl", hash = "sha256:481caa481374e813c1b176ada14e97f1f67a4539ce9cfeb3f350d78d6370c2e8", size = 45571, upload-time = "2026-07-02T08:40:04.659Z" },
]

[[package]]
name = "urllib3"
version = "2.7.0"
source = { registry = "https://pypi.org/simple" }
sdist = { url = "https://files.pythonhosted.org/packages/53/0c/06f8b233b8fd13b9e5ee11424ef85419ba0d8ba0b3138bf360be2ff56953/urllib3-2.7.0.tar.gz", hash = "sha256:231e0ec3b63ceb14667c67be60f2f2c40a518cb38b03af60abc813da26505f4c", size = 433602, upload-time = "2026-05-07T16:13:18.596Z" }
wheels = [
    { url = "https://files.pythonhosted.org/packages/7f/3e/5db95bcf282c52709639744ca2a8b149baccf648e39c8cc87553df9eae0c/urllib3-2.7.0-py3-none-any.whl", hash = "sha256:9fb4c81ebbb1ce9531cce37674bbc6f1360472bc18ca9a553ede278ef7276897", size = 131087, upload-time = "2026-05-07T16:13:17.151Z" },
]

[[package]]
name = "zenpy"
version = "2.0.57"
source = { registry = "https://pypi.org/simple" }
dependencies = [
    { name = "cachetools" },
    { name = "python-dateutil" },
    { name = "pytz" },
    { name = "requests" },
    { name = "six" },
]
sdist = { url = "https://files.pythonhosted.org/packages/3e/f2/b39bf899d340d46e0c54472c6fe625c7e16777aa1064196d40b3675d659f/zenpy-2.0.57.tar.gz", hash = "sha256:f70f8c06fe018fdcebbf32419dbfdb9d577596b13bcb1bcfe398749dcaa099bf", size = 89152, upload-time = "2026-02-19T09:30:34.63Z" }
wheels = [
    { url = "https://files.pythonhosted.org/packages/35/48/4940750a346b2e16054c91213e8f70d77c0bade319ed64b0842a32aca774/zenpy-2.0.57-py3-none-any.whl", hash = "sha256:e28c1fba5944eb50f35122deb0ddf447a567bf9b82829b86a0a295a833950b01", size = 90308, upload-time = "2026-02-19T09:30:32.172Z" },
]
