version = 1
revision = 3
requires-python = "==3.13.*"

[[package]]
name = "anyascii"
version = "0.3.3"
source = { registry = "https://pypi.org/simple" }
sdist = { url = "https://files.pythonhosted.org/packages/db/ba/edebda727008390936da4a9bf677c19cd63b32d51e864656d2cbd1028e25/anyascii-0.3.3.tar.gz", hash = "sha256:c94e9dd9d47b3d9494eca305fef9447d00b4bf1a32aff85aa746fa3ec7fb95c3", size = 264680, upload-time = "2025-06-29T03:33:30.427Z" }
wheels = [
    { url = "https://files.pythonhosted.org/packages/c2/76/783b75a21ce3563b8709050de030ae253853b147bd52e141edc1025aa268/anyascii-0.3.3-py3-none-any.whl", hash = "sha256:f5ab5e53c8781a36b5a40e1296a0eeda2f48c649ef10c3921c1381b1d00dee7a", size = 345090, upload-time = "2025-06-29T03:33:28.356Z" },
]

[[package]]
name = "aws-lambda-powertools"
version = "3.31.0"
source = { registry = "https://pypi.org/simple" }
dependencies = [
    { name = "jmespath" },
    { name = "typing-extensions" },
]
sdist = { url = "https://files.pythonhosted.org/packages/43/e7/4bcaca927dc76816aeea6015c81f7cbd3838261aece0e2499eff9e7beee0/aws_lambda_powertools-3.31.0.tar.gz", hash = "sha256:65f81f1c81e536fb04c20885b7bcd468d5cd232b813c11b6a1634b7d03bd3c8c", size = 797662, upload-time = "2026-06-29T11:05:02.794Z" }
wheels = [
    { url = "https://files.pythonhosted.org/packages/e1/95/17467cd097cf5f24cabd9ce903f75e5e5c17d2b58565b98c3e86d586ddc7/aws_lambda_powertools-3.31.0-py3-none-any.whl", hash = "sha256:fb6e7753ba1657490c8ed43bac9f44bef4c08bdcde2ddf9af2b35d31b061c5f6", size = 954717, upload-time = "2026-06-29T11:05:01.07Z" },
]

[[package]]
name = "awscrt"
version = "0.32.2"
source = { registry = "https://pypi.org/simple" }
sdist = { url = "https://files.pythonhosted.org/packages/92/cb/980fe60c4209af71d036276217f8b9f372f958e290c15d2849a3de4dcd23/awscrt-0.32.2.tar.gz", hash = "sha256:a4f48805e8a66237923f03b7b692d213994cff42d1ff08125d1d60c74fcaf872", size = 36862073, upload-time = "2026-04-24T22:59:55.835Z" }
wheels = [
    { url = "https://files.pythonhosted.org/packages/03/99/a6c712a2f638c766b0879da0eacd9fe5695c64deb89c0357bcc4f1f4df9b/awscrt-0.32.2-cp311-abi3-macosx_10_15_universal2.whl", hash = "sha256:32785f54d0786e07b6491b51f9c2f75ea9e17decd39bb6b66fdc60cd871a49ef", size = 3406247, upload-time = "2026-04-24T22:58:46.268Z" },
    { url = "https://files.pythonhosted.org/packages/a7/03/665c81f3b9d3c56fcdfb8f353c22501bc538d192c431cfaaf307f867d404/awscrt-0.32.2-cp311-abi3-manylinux2014_aarch64.manylinux_2_17_aarch64.whl", hash = "sha256:f8a586c52f41ff14c2f1b8afeb764e231ad3d66acfd42a6b9fb6c8afd8da8fe2", size = 3906890, upload-time = "2026-04-24T22:58:47.96Z" },
    { url = "https://files.pythonhosted.org/packages/31/ad/5db0691a0c72d55a17c03c47149cf15d4602b83b470355c322c9a7f115e8/awscrt-0.32.2-cp311-abi3-manylinux2014_x86_64.manylinux_2_17_x86_64.whl", hash = "sha256:3ef1664588d35dcad2115377120667e689cd7a517da52a481373c9536811ed96", size = 4196631, upload-time = "2026-04-24T22:58:49.244Z" },
    { url = "https://files.pythonhosted.org/packages/9a/66/63a4654b2996158f33e88d74d79178a5812d94a7e0d6c94ec475115dff18/awscrt-0.32.2-cp311-abi3-musllinux_1_1_aarch64.whl", hash = "sha256:7ed7c209136650fe25659436bb4150e5af6eb43d71a0bf294f0bf414428736ee", size = 3818090, upload-time = "2026-04-24T22:58:50.657Z" },
    { url = "https://files.pythonhosted.org/packages/cd/26/b8fee227918465830a0bbba48f54ebf0a5029c3a7d11d4fa973838a79262/awscrt-0.32.2-cp311-abi3-musllinux_1_1_x86_64.whl", hash = "sha256:cfd437122d5a2ec7eb9fffaf2cd8b96543d4a0d7e906b9515b79672005a1607a", size = 4056453, upload-time = "2026-04-24T22:58:52.373Z" },
    { url = "https://files.pythonhosted.org/packages/e3/26/f5b9e9677bf90d1840d4db1513ba92e73601ef82e61a16e747a83493d35c/awscrt-0.32.2-cp311-abi3-win32.whl", hash = "sha256:5197d1e4e780d755632f79f8d32a09a30a9101cccb51ca1694fe25c711b2e801", size = 4066027, upload-time = "2026-04-24T22:58:53.752Z" },
    { url = "https://files.pythonhosted.org/packages/57/0b/fd1798551ecdc8a28d61ecdeda248f99faa3457f83aefa10ab797f466889/awscrt-0.32.2-cp311-abi3-win_amd64.whl", hash = "sha256:80420aa19c074a4c0335f2bd0e4aee3381fa452328d937795a1e0c779f0c052d", size = 4221984, upload-time = "2026-04-24T22:58:55.115Z" },
    { url = "https://files.pythonhosted.org/packages/7b/a3/075e29b39945f398adfb5d5ee4d533e00d37c0f5c68d79b250a1bdb087ba/awscrt-0.32.2-cp313-abi3-macosx_10_15_universal2.whl", hash = "sha256:d2f7aee3bce261ab1ceba1fac404de4d496aa866237161d4257cef92bff9d828", size = 3404901, upload-time = "2026-04-24T22:58:56.492Z" },
    { url = "https://files.pythonhosted.org/packages/e3/41/1c4783b32bf4ec7383156787570ea1221c95c037c2c0f11cbc9e9529ba48/awscrt-0.32.2-cp313-abi3-manylinux2014_aarch64.manylinux_2_17_aarch64.whl", hash = "sha256:ff0fff9c2b613d7fabc298b0fd81f0d7056353f3d20271a852a719c5b2f7ccf4", size = 3897627, upload-time = "2026-04-24T22:58:58.144Z" },
    { url = "https://files.pythonhosted.org/packages/af/2d/5736128847ff4a877d50720ea7a48d7e50a56b78741919e4b6ffabffb1ad/awscrt-0.32.2-cp313-abi3-manylinux2014_x86_64.manylinux_2_17_x86_64.whl", hash = "sha256:79bb11d5d1dfdcfd867aac4a026bee11afbd2154279e12b66588442d8c14bdf7", size = 4189579, upload-time = "2026-04-24T22:58:59.56Z" },
    { url = "https://files.pythonhosted.org/packages/90/f5/064b23d4c927e9b63725ee60c88edb75a1e8f5fd1e97d56d4d6a63fe954b/awscrt-0.32.2-cp313-abi3-musllinux_1_1_aarch64.whl", hash = "sha256:47330f421948207a122092042f235cf82d48fa145c446ff4db12cc8cd3a418b6", size = 3809647, upload-time = "2026-04-24T22:59:00.884Z" },
    { url = "https://files.pythonhosted.org/packages/f5/36/f14ea531cccb6ff85c4d50c9e79e61030675520a393b4af23685d24ea018/awscrt-0.32.2-cp313-abi3-musllinux_1_1_x86_64.whl", hash = "sha256:5ec4d8200eb0158b60e35fbb65faa96ef1eb7763f6ce1192827886ee24c6df99", size = 4051532, upload-time = "2026-04-24T22:59:02.593Z" },
    { url = "https://files.pythonhosted.org/packages/64/aa/b12e721c8148a1bbc58a22cbd204d88d0a6263331049d40c057f9dcd3e11/awscrt-0.32.2-cp313-abi3-win32.whl", hash = "sha256:a81f30a501d2eb6ba52c769cd6ecb3f7005512fba4a533211dc717e1115b0d94", size = 4062484, upload-time = "2026-04-24T22:59:04.251Z" },
    { url = "https://files.pythonhosted.org/packages/5c/26/9f5f23647465a4fe1b28afce334e54a4264e23b69365024c28955f0c4119/awscrt-0.32.2-cp313-abi3-win_amd64.whl", hash = "sha256:8d731edda20dce5afc15a04731d91136a31779a244672d1f0a292a8b04aa0fd3", size = 4220425, upload-time = "2026-04-24T22:59:05.627Z" },
    { url = "https://files.pythonhosted.org/packages/dd/76/18077410c1d7b524a7a7486550bc969218f6575288f66e285157dc78e143/awscrt-0.32.2-cp313-cp313t-macosx_10_15_universal2.whl", hash = "sha256:f2a085d0dd4eef974f2ae5467ae3717d2fc08dd8cd508c4fd7a5acb658c68616", size = 3414715, upload-time = "2026-04-24T22:59:07.01Z" },
    { url = "https://files.pythonhosted.org/packages/d3/12/465d72ea6afffc7829f7f48f408a707d4dab9e3f2b694f4e0e63e011478a/awscrt-0.32.2-cp313-cp313t-manylinux2014_aarch64.manylinux_2_17_aarch64.whl", hash = "sha256:d8a4e52f7312e5e435461119aa903f6424e9996d93a040101fb1eb7b9c4e58dc", size = 4028634, upload-time = "2026-04-24T22:59:08.303Z" },
    { url = "https://files.pythonhosted.org/packages/e0/ee/2e9d3716cf6a24f30b85af24691d473c913c119dc996bcd8c9b2b3fe2c17/awscrt-0.32.2-cp313-cp313t-manylinux2014_x86_64.manylinux_2_17_x86_64.whl", hash = "sha256:6cb3c858e96ba023de691a3b6478bed9fb59085433042dff78c42e59eed19cf2", size = 4311846, upload-time = "2026-04-24T22:59:10.02Z" },
    { url = "https://files.pythonhosted.org/packages/d0/ce/aa08aad92e48929cfe243ed7da5cf039fbb137c391e84af79e88c848a37a/awscrt-0.32.2-cp313-cp313t-musllinux_1_1_aarch64.whl", hash = "sha256:7f92b8f40a104a2a87ea5f428b3799220666ec1450b3a90665867d3715749e91", size = 3952242, upload-time = "2026-04-24T22:59:11.632Z" },
    { url = "https://files.pythonhosted.org/packages/42/e3/09ad98aa7dae9cd3ad578c7721b64e9da03f9a5ed444e518c63e82db05a9/awscrt-0.32.2-cp313-cp313t-musllinux_1_1_x86_64.whl", hash = "sha256:9fd2dbca02f4e22fb5c02d1505327e6e6e9320dbe8ca80fc033cbbb29ed8631a", size = 4187982, upload-time = "2026-04-24T22:59:14.477Z" },
    { url = "https://files.pythonhosted.org/packages/26/be/897b1ad519d83a837d721f4e8a87d98e6f36e5b985fa697f3ffed512a8eb/awscrt-0.32.2-cp313-cp313t-win32.whl", hash = "sha256:023a2f4595804a0f1d61ab49b64dda5612be9bfbe9b13759331e8e31658dda3f", size = 4111958, upload-time = "2026-04-24T22:59:15.857Z" },
    { url = "https://files.pythonhosted.org/packages/71/54/6cca298e8acb6769c8078b39bedbc507f17a3f7fe6ea768d8256d584d4ed/awscrt-0.32.2-cp313-cp313t-win_amd64.whl", hash = "sha256:a2f513f0fb3aafdf7cdf29d7f6f0c46bf4cc7880380c86e88635b7818565e76d", size = 4271679, upload-time = "2026-04-24T22:59:17.425Z" },
]

[[package]]
name = "boto3"
version = "1.43.32"
source = { registry = "https://pypi.org/simple" }
dependencies = [
    { name = "botocore" },
    { name = "jmespath" },
    { name = "s3transfer" },
]
sdist = { url = "https://files.pythonhosted.org/packages/88/34/5cd5603cf76730cac3e92c04bf7f076d5a2686fc57af8371e3f37f30ac88/boto3-1.43.32.tar.gz", hash = "sha256:15544d42af8aa8f775ea636f77c9c97fbc90ff28c0e5a0d1d47c8acd9f5b1982", size = 113169, upload-time = "2026-06-17T20:30:08.475Z" }
wheels = [
    { url = "https://files.pythonhosted.org/packages/e3/96/ab658327b0d628b6deb14dd0e4898557f495a7b236e5db0f437c4c2c0a38/boto3-1.43.32-py3-none-any.whl", hash = "sha256:a3d7d7a9489c18cc9c806aca9be689677779d17ddbf919fe300146576c1bdee2", size = 140533, upload-time = "2026-06-17T20:30:06.615Z" },
]

[package.optional-dependencies]
crt = [
    { name = "botocore", extra = ["crt"] },
]

[[package]]
name = "botocore"
version = "1.43.40"
source = { registry = "https://pypi.org/simple" }
dependencies = [
    { name = "jmespath" },
    { name = "python-dateutil" },
    { name = "urllib3" },
]
sdist = { url = "https://files.pythonhosted.org/packages/d0/50/269986277f852cc83029bccbdcdc0b343a685cfd570599e58029792808d8/botocore-1.43.40.tar.gz", hash = "sha256:2085a4314cfd2c8bc1d08ab8039f76c92e99278db0d2a0e2437010526d5d5d70", size = 15639899, upload-time = "2026-07-03T00:28:16.125Z" }
wheels = [
    { url = "https://files.pythonhosted.org/packages/dc/8c/5f7e73fd66b28f0705bc55d7060d41ef72328b656b86ca53e75765b3ba2c/botocore-1.43.40-py3-none-any.whl", hash = "sha256:0bc9d352267c9e48415c5d7bb61ff05c3f193eac2fc7e69cfd229a05fbab67d6", size = 15323870, upload-time = "2026-07-03T00:28:12.56Z" },
]

[package.optional-dependencies]
crt = [
    { name = "awscrt" },
]

[[package]]
name = "botocore-stubs"
version = "1.43.14"
source = { registry = "https://pypi.org/simple" }
dependencies = [
    { name = "types-awscrt" },
]
sdist = { url = "https://files.pythonhosted.org/packages/7f/81/79693e833291c00dc89ee610e5e915381b6f08233912e28df50106840780/botocore_stubs-1.43.14.tar.gz", hash = "sha256:9e3bc1fdd51da7473f0df726c82747a1b0ae913449d629659765c247fecc2039", size = 42738, upload-time = "2026-05-25T06:06:37.484Z" }
wheels = [
    { url = "https://files.pythonhosted.org/packages/89/ca/f017727b11895908c5dedc829cf2ec35e0c4b2a26ba875db325fef2cefdf/botocore_stubs-1.43.14-py3-none-any.whl", hash = "sha256:fb98f1475c92fd718644e786b5c543a20f1b1f610e89e0a7191c3f1f429c75aa", size = 67093, upload-time = "2026-05-25T06:06:34.532Z" },
]

[[package]]
name = "cachetools"
version = "7.1.4"
source = { registry = "https://pypi.org/simple" }
sdist = { url = "https://files.pythonhosted.org/packages/f4/8b/0d3945a13955303b81272f759a0331e54c5c793da455e6f5706b89d2639c/cachetools-7.1.4.tar.gz", hash = "sha256:437f55a4e0c1b01a4f3077cc470e6991d47430970e36fbcb77e2be0df4fc1cd6", size = 40085, upload-time = "2026-05-21T22:40:43.376Z" }
wheels = [
    { url = "https://files.pythonhosted.org/packages/8c/7b/1fc1c09cc0756cf25861a3be10565915953876da48bb228fb9a672b20a42/cachetools-7.1.4-py3-none-any.whl", hash = "sha256:323dc4127934744db5b54eb4924482d7edafbf9554e820d1531c2e08c0e4ef54", size = 16761, upload-time = "2026-05-21T22:40:41.845Z" },
]

[[package]]
name = "certifi"
version = "2026.6.17"
source = { registry = "https://pypi.org/simple" }
sdist = { url = "https://files.pythonhosted.org/packages/c9/c7/424b75da314c1045981bd9777432fad05a9e0c69daa4ed7e308bbaffe405/certifi-2026.6.17.tar.gz", hash = "sha256:024c88eeec92ca068db80f02b8b07c9cef7b9fe261d1d535abfd5abd6f6af432", size = 134594, upload-time = "2026-06-17T10:31:07.894Z" }
wheels = [
    { url = "https://files.pythonhosted.org/packages/ef/2f/c5464532e965badff2f4c4c1a3a83f5697f0d7c407ed0cda44aaa99bb451/certifi-2026.6.17-py3-none-any.whl", hash = "sha256:2227dcbaafe0d2f59279d1762ddddc37783ed4354594f194ffc31d20f41fc3db", size = 133289, upload-time = "2026-06-17T10:31:06.348Z" },
]

[[package]]
name = "charset-normalizer"
version = "3.4.7"
source = { registry = "https://pypi.org/simple" }
sdist = { url = "https://files.pythonhosted.org/packages/e7/a1/67fe25fac3c7642725500a3f6cfe5821ad557c3abb11c9d20d12c7008d3e/charset_normalizer-3.4.7.tar.gz", hash = "sha256:ae89db9e5f98a11a4bf50407d4363e7b09b31e55bc117b4f7d80aab97ba009e5", size = 144271, upload-time = "2026-04-02T09:28:39.342Z" }
wheels = [
    { url = "https://files.pythonhosted.org/packages/c1/3b/66777e39d3ae1ddc77ee606be4ec6d8cbd4c801f65e5a1b6f2b11b8346dd/charset_normalizer-3.4.7-cp313-cp313-macosx_10_13_universal2.whl", hash = "sha256:f496c9c3cc02230093d8330875c4c3cdfc3b73612a5fd921c65d39cbcef08063", size = 309627, upload-time = "2026-04-02T09:26:45.198Z" },
    { url = "https://files.pythonhosted.org/packages/2e/4e/b7f84e617b4854ade48a1b7915c8ccfadeba444d2a18c291f696e37f0d3b/charset_normalizer-3.4.7-cp313-cp313-manylinux2014_aarch64.manylinux_2_17_aarch64.manylinux_2_28_aarch64.whl", hash = "sha256:0ea948db76d31190bf08bd371623927ee1339d5f2a0b4b1b4a4439a65298703c", size = 207008, upload-time = "2026-04-02T09:26:46.824Z" },
    { url = "https://files.pythonhosted.org/packages/c4/bb/ec73c0257c9e11b268f018f068f5d00aa0ef8c8b09f7753ebd5f2880e248/charset_normalizer-3.4.7-cp313-cp313-manylinux2014_ppc64le.manylinux_2_17_ppc64le.manylinux_2_28_ppc64le.whl", hash = "sha256:a277ab8928b9f299723bc1a2dabb1265911b1a76341f90a510368ca44ad9ab66", size = 228303, upload-time = "2026-04-02T09:26:48.397Z" },
    { url = "https://files.pythonhosted.org/packages/85/fb/32d1f5033484494619f701e719429c69b766bfc4dbc61aa9e9c8c166528b/charset_normalizer-3.4.7-cp313-cp313-manylinux2014_s390x.manylinux_2_17_s390x.manylinux_2_28_s390x.whl", hash = "sha256:3bec022aec2c514d9cf199522a802bd007cd588ab17ab2525f20f9c34d067c18", size = 224282, upload-time = "2026-04-02T09:26:49.684Z" },
    { url = "https://files.pythonhosted.org/packages/fa/07/330e3a0dda4c404d6da83b327270906e9654a24f6c546dc886a0eb0ffb23/charset_normalizer-3.4.7-cp313-cp313-manylinux2014_x86_64.manylinux_2_17_x86_64.manylinux_2_28_x86_64.whl", hash = "sha256:e044c39e41b92c845bc815e5ae4230804e8e7bc29e399b0437d64222d92809dd", size = 215595, upload-time = "2026-04-02T09:26:50.915Z" },
    { url = "https://files.pythonhosted.org/packages/e3/7c/fc890655786e423f02556e0216d4b8c6bcb6bdfa890160dc66bf52dee468/charset_normalizer-3.4.7-cp313-cp313-manylinux_2_31_armv7l.whl", hash = "sha256:f495a1652cf3fbab2eb0639776dad966c2fb874d79d87ca07f9d5f059b8bd215", size = 201986, upload-time = "2026-04-02T09:26:52.197Z" },
    { url = "https://files.pythonhosted.org/packages/d8/97/bfb18b3db2aed3b90cf54dc292ad79fdd5ad65c4eae454099475cbeadd0d/charset_normalizer-3.4.7-cp313-cp313-manylinux_2_31_riscv64.manylinux_2_39_riscv64.whl", hash = "sha256:e712b419df8ba5e42b226c510472b37bd57b38e897d3eca5e8cfd410a29fa859", size = 211711, upload-time = "2026-04-02T09:26:53.49Z" },
    { url = "https://files.pythonhosted.org/packages/6f/a5/a581c13798546a7fd557c82614a5c65a13df2157e9ad6373166d2a3e645d/charset_normalizer-3.4.7-cp313-cp313-musllinux_1_2_aarch64.whl", hash = "sha256:7804338df6fcc08105c7745f1502ba68d900f45fd770d5bdd5288ddccb8a42d8", size = 210036, upload-time = "2026-04-02T09:26:54.975Z" },
    { url = "https://files.pythonhosted.org/packages/8c/bf/b3ab5bcb478e4193d517644b0fb2bf5497fbceeaa7a1bc0f4d5b50953861/charset_normalizer-3.4.7-cp313-cp313-musllinux_1_2_armv7l.whl", hash = "sha256:481551899c856c704d58119b5025793fa6730adda3571971af568f66d2424bb5", size = 202998, upload-time = "2026-04-02T09:26:56.303Z" },
    { url = "https://files.pythonhosted.org/packages/e7/4e/23efd79b65d314fa320ec6017b4b5834d5c12a58ba4610aa353af2e2f577/charset_normalizer-3.4.7-cp313-cp313-musllinux_1_2_ppc64le.whl", hash = "sha256:f59099f9b66f0d7145115e6f80dd8b1d847176df89b234a5a6b3f00437aa0832", size = 230056, upload-time = "2026-04-02T09:26:57.554Z" },
    { url = "https://files.pythonhosted.org/packages/b9/9f/1e1941bc3f0e01df116e68dc37a55c4d249df5e6fa77f008841aef68264f/charset_normalizer-3.4.7-cp313-cp313-musllinux_1_2_riscv64.whl", hash = "sha256:f59ad4c0e8f6bba240a9bb85504faa1ab438237199d4cce5f622761507b8f6a6", size = 211537, upload-time = "2026-04-02T09:26:58.843Z" },
    { url = "https://files.pythonhosted.org/packages/80/0f/088cbb3020d44428964a6c97fe1edfb1b9550396bf6d278330281e8b709c/charset_normalizer-3.4.7-cp313-cp313-musllinux_1_2_s390x.whl", hash = "sha256:3dedcc22d73ec993f42055eff4fcfed9318d1eeb9a6606c55892a26964964e48", size = 226176, upload-time = "2026-04-02T09:27:00.437Z" },
    { url = "https://files.pythonhosted.org/packages/6a/9f/130394f9bbe06f4f63e22641d32fc9b202b7e251c9aef4db044324dac493/charset_normalizer-3.4.7-cp313-cp313-musllinux_1_2_x86_64.whl", hash = "sha256:64f02c6841d7d83f832cd97ccf8eb8a906d06eb95d5276069175c696b024b60a", size = 217723, upload-time = "2026-04-02T09:27:02.021Z" },
    { url = "https://files.pythonhosted.org/packages/73/55/c469897448a06e49f8fa03f6caae97074fde823f432a98f979cc42b90e69/charset_normalizer-3.4.7-cp313-cp313-win32.whl", hash = "sha256:4042d5c8f957e15221d423ba781e85d553722fc4113f523f2feb7b188cc34c5e", size = 148085, upload-time = "2026-04-02T09:27:03.192Z" },
    { url = "https://files.pythonhosted.org/packages/5d/78/1b74c5bbb3f99b77a1715c91b3e0b5bdb6fe302d95ace4f5b1bec37b0167/charset_normalizer-3.4.7-cp313-cp313-win_amd64.whl", hash = "sha256:3946fa46a0cf3e4c8cb1cc52f56bb536310d34f25f01ca9b6c16afa767dab110", size = 158819, upload-time = "2026-04-02T09:27:04.454Z" },
    { url = "https://files.pythonhosted.org/packages/68/86/46bd42279d323deb8687c4a5a811fd548cb7d1de10cf6535d099877a9a9f/charset_normalizer-3.4.7-cp313-cp313-win_arm64.whl", hash = "sha256:80d04837f55fc81da168b98de4f4b797ef007fc8a79ab71c6ec9bc4dd662b15b", size = 147915, upload-time = "2026-04-02T09:27:05.971Z" },
    { url = "https://files.pythonhosted.org/packages/db/8f/61959034484a4a7c527811f4721e75d02d653a35afb0b6054474d8185d4c/charset_normalizer-3.4.7-py3-none-any.whl", hash = "sha256:3dce51d0f5e7951f8bb4900c257dad282f49190fdbebecd4ba99bcc41fef404d", size = 61958, upload-time = "2026-04-02T09:28:37.794Z" },
]

[[package]]
name = "contractions"
version = "0.1.73"
source = { registry = "https://pypi.org/simple" }
dependencies = [
    { name = "textsearch" },
]
wheels = [
    { url = "https://files.pythonhosted.org/packages/bb/e4/725241b788963b460ce0118bfd5c505dd3d1bdd020ee740f9f39044ed4a7/contractions-0.1.73-py2.py3-none-any.whl", hash = "sha256:398cee3b69c37307a50dce4930d961a0f42b48fdae9562df73bed5683008d3bc", size = 8651, upload-time = "2022-11-15T14:05:54.573Z" },
]

[[package]]
name = "gata-prepare-text"
source = { editable = "." }
dependencies = [
    { name = "aws-lambda-powertools" },
    { name = "boto3", extra = ["crt"] },
    { name = "contractions" },
    { name = "types-boto3" },
    { name = "zenpy" },
]

[package.dev-dependencies]
dev = [
    { name = "ruff" },
    { name = "ty" },
]

[package.metadata]
requires-dist = [
    { name = "aws-lambda-powertools", specifier = "==3.31.0" },
    { name = "boto3", extras = ["crt"], specifier = "==1.43.32" },
    { name = "contractions", specifier = "==0.1.73" },
    { name = "types-boto3", specifier = "==1.43.32" },
    { name = "zenpy", specifier = "==2.0.57" },
]

[package.metadata.requires-dev]
dev = [
    { name = "ruff", specifier = "==0.15.8" },
    { name = "ty", specifier = "==0.0.26" },
]

[[package]]
name = "idna"
version = "3.18"
source = { registry = "https://pypi.org/simple" }
sdist = { url = "https://files.pythonhosted.org/packages/cd/63/9496c57188a2ee585e0f1db071d75089a11e98aa86eb99d9d7618fc1edce/idna-3.18.tar.gz", hash = "sha256:ffb385a7e039654cef1ab9ef32c6fafe283c0c0467bba1d9029738ce4a14a848", size = 196711, upload-time = "2026-06-02T14:34:07.794Z" }
wheels = [
    { url = "https://files.pythonhosted.org/packages/1e/5e/d4e9f1a599fb8e573b7b87160658329fbf28d19eac2718f51fc3def3aa5a/idna-3.18-py3-none-any.whl", hash = "sha256:7f952cbe720b688055e3f87de14f5c3e5fdaa8bc3928985c4077ca689de849a2", size = 65455, upload-time = "2026-06-02T14:34:06.319Z" },
]

[[package]]
name = "jmespath"
version = "1.1.0"
source = { registry = "https://pypi.org/simple" }
sdist = { url = "https://files.pythonhosted.org/packages/d3/59/322338183ecda247fb5d1763a6cbe46eff7222eaeebafd9fa65d4bf5cb11/jmespath-1.1.0.tar.gz", hash = "sha256:472c87d80f36026ae83c6ddd0f1d05d4e510134ed462851fd5f754c8c3cbb88d", size = 27377, upload-time = "2026-01-22T16:35:26.279Z" }
wheels = [
    { url = "https://files.pythonhosted.org/packages/14/2f/967ba146e6d58cf6a652da73885f52fc68001525b4197effc174321d70b4/jmespath-1.1.0-py3-none-any.whl", hash = "sha256:a5663118de4908c91729bea0acadca56526eb2698e83de10cd116ae0f4e97c64", size = 20419, upload-time = "2026-01-22T16:35:24.919Z" },
]

[[package]]
name = "pyahocorasick"
version = "2.3.1"
source = { registry = "https://pypi.org/simple" }
sdist = { url = "https://files.pythonhosted.org/packages/b0/3c/dc9e31a0f004eabe2ef5d31456766555a02e2af29e159daa31266934af79/pyahocorasick-2.3.1.tar.gz", hash = "sha256:9d0f6bb522237ed7f111ed59c9e8baea7d1e75813587b6773babd43bda35db9f", size = 105024, upload-time = "2026-04-27T16:30:25.957Z" }
wheels = [
    { url = "https://files.pythonhosted.org/packages/31/16/4ea7db7a118778a2f56b217b8f142d1bd55e10cb6c6d59329bc58c41952a/pyahocorasick-2.3.1-cp313-cp313-macosx_10_13_universal2.whl", hash = "sha256:1b16eab55f961671c6eff5ead4e3fda6e85982acea86fda734b68e39e52dcd3b", size = 60118, upload-time = "2026-04-27T16:31:48.173Z" },
    { url = "https://files.pythonhosted.org/packages/ec/53/08c717e8696b3f243be89278155512a360a13b5a11bfe87a3a417f180c5e/pyahocorasick-2.3.1-cp313-cp313-macosx_11_0_arm64.whl", hash = "sha256:ec6908893dffc271c1f89fe5a0f6ae872c5b7fdfb82ce032185a1fcf02339a60", size = 34160, upload-time = "2026-04-27T16:31:49.287Z" },
    { url = "https://files.pythonhosted.org/packages/5c/11/4464450c9c44719ab47082eda69424de22af51ef68c482f7e8c48a30a727/pyahocorasick-2.3.1-cp313-cp313-manylinux2014_aarch64.manylinux_2_17_aarch64.whl", hash = "sha256:43e79e7f1737e8bd5290ee61bfbbc0af0a44975b8aa719ffbb00e3cd8c5c8e35", size = 113498, upload-time = "2026-04-27T16:31:50.925Z" },
    { url = "https://files.pythonhosted.org/packages/64/e0/398f558e004616411ae6914666f0aa51eb019405ef4f48358e6a9b26bc4d/pyahocorasick-2.3.1-cp313-cp313-manylinux2014_x86_64.manylinux_2_17_x86_64.whl", hash = "sha256:343c93387146ddef771118cab8fc60e3be1c9c5595b647ad6c898fc940a63e20", size = 114814, upload-time = "2026-04-27T16:31:52.329Z" },
    { url = "https://files.pythonhosted.org/packages/84/dc/a7c78f3fafdee825ab2a69c7aeedc8c3bf1a82f69a710071bbeac3d8be29/pyahocorasick-2.3.1-cp313-cp313-musllinux_1_2_aarch64.whl", hash = "sha256:648ee2e1dae6753cbe153d610cd8208f3da00e20456d3696de49a7606106afad", size = 116447, upload-time = "2026-04-27T16:31:54.196Z" },
    { url = "https://files.pythonhosted.org/packages/70/99/f028911b158fd9d6ea0c50a99b17b798f4cbb4d14aedf9bc07dcebfd406c/pyahocorasick-2.3.1-cp313-cp313-musllinux_1_2_x86_64.whl", hash = "sha256:7b52bb618a6d29223470c5518daa59f319cbbca878373dcec3ca89a63759c0e5", size = 117863, upload-time = "2026-04-27T16:31:55.672Z" },
    { url = "https://files.pythonhosted.org/packages/30/75/5d5d377fab5b93462ff22496ac5a09725534ec37217626b0a5480c321e5a/pyahocorasick-2.3.1-cp313-cp313-win_amd64.whl", hash = "sha256:31c743e80e92f81c390214b69f474945689f0f83db8d9bae7118a4623e5da63d", size = 35244, upload-time = "2026-04-27T16:31:56.813Z" },
]

[[package]]
name = "python-dateutil"
version = "2.9.0.post0"
source = { registry = "https://pypi.org/simple" }
dependencies = [
    { name = "six" },
]
sdist = { url = "https://files.pythonhosted.org/packages/66/c0/0c8b6ad9f17a802ee498c46e004a0eb49bc148f2fd230864601a86dcf6db/python-dateutil-2.9.0.post0.tar.gz", hash = "sha256:37dd54208da7e1cd875388217d5e00ebd4179249f90fb72437e91a35459a0ad3", size = 342432, upload-time = "2024-03-01T18:36:20.211Z" }
wheels = [
    { url = "https://files.pythonhosted.org/packages/ec/57/56b9bcc3c9c6a792fcbaf139543cee77261f3651ca9da0c93f5c1221264b/python_dateutil-2.9.0.post0-py2.py3-none-any.whl", hash = "sha256:a8b2bc7bffae282281c8140a97d3aa9c14da0b136dfe83f850eea9a5f7470427", size = 229892, upload-time = "2024-03-01T18:36:18.57Z" },
]

[[package]]
name = "pytz"
version = "2026.2"
source = { registry = "https://pypi.org/simple" }
sdist = { url = "https://files.pythonhosted.org/packages/ff/46/dd499ec9038423421951e4fad73051febaa13d2df82b4064f87af8b8c0c3/pytz-2026.2.tar.gz", hash = "sha256:0e60b47b29f21574376f218fe21abc009894a2321ea16c6754f3cad6eb7cdd6a", size = 320861, upload-time = "2026-05-04T01:35:29.667Z" }
wheels = [
    { url = "https://files.pythonhosted.org/packages/ec/dd/96da98f892250475bdf2328112d7468abdd4acc7b902b6af23f4ed958ea0/pytz-2026.2-py2.py3-none-any.whl", hash = "sha256:04156e608bee23d3792fd45c94ae47fae1036688e75032eea2e3bf0323d1f126", size = 510141, upload-time = "2026-05-04T01:35:27.408Z" },
]

[[package]]
name = "requests"
version = "2.34.2"
source = { registry = "https://pypi.org/simple" }
dependencies = [
    { name = "certifi" },
    { name = "charset-normalizer" },
    { name = "idna" },
    { name = "urllib3" },
]
sdist = { url = "https://files.pythonhosted.org/packages/ac/c3/e2a2b89f2d3e2179abd6d00ebd70bff6273f37fb3e0cc209f48b39d00cbf/requests-2.34.2.tar.gz", hash = "sha256:f288924cae4e29463698d6d60bc6a4da69c89185ad1e0bcc4104f584e960b9ed", size = 142856, upload-time = "2026-05-14T19:25:27.735Z" }
wheels = [
    { url = "https://files.pythonhosted.org/packages/a0/f4/c67b0b3f1b9245e8d266f0f112c500d50e5b4e83cb6f3b71b6528104182a/requests-2.34.2-py3-none-any.whl", hash = "sha256:2a0d60c172f83ac6ab31e4554906c0f3b3588d37b5cb939b1c061f4907e278e0", size = 73075, upload-time = "2026-05-14T19:25:26.443Z" },
]

[[package]]
name = "ruff"
version = "0.15.8"
source = { registry = "https://pypi.org/simple" }
sdist = { url = "https://files.pythonhosted.org/packages/14/b0/73cf7550861e2b4824950b8b52eebdcc5adc792a00c514406556c5b80817/ruff-0.15.8.tar.gz", hash = "sha256:995f11f63597ee362130d1d5a327a87cb6f3f5eae3094c620bcc632329a4d26e", size = 4610921, upload-time = "2026-03-26T18:39:38.675Z" }
wheels = [
    { url = "https://files.pythonhosted.org/packages/4a/92/c445b0cd6da6e7ae51e954939cb69f97e008dbe750cfca89b8cedc081be7/ruff-0.15.8-py3-none-linux_armv6l.whl", hash = "sha256:cbe05adeba76d58162762d6b239c9056f1a15a55bd4b346cfd21e26cd6ad7bc7", size = 10527394, upload-time = "2026-03-26T18:39:41.566Z" },
    { url = "https://files.pythonhosted.org/packages/eb/92/f1c662784d149ad1414cae450b082cf736430c12ca78367f20f5ed569d65/ruff-0.15.8-py3-none-macosx_10_12_x86_64.whl", hash = "sha256:d3e3d0b6ba8dca1b7ef9ab80a28e840a20070c4b62e56d675c24f366ef330570", size = 10905693, upload-time = "2026-03-26T18:39:30.364Z" },
    { url = "https://files.pythonhosted.org/packages/ca/f2/7a631a8af6d88bcef997eb1bf87cc3da158294c57044aafd3e17030613de/ruff-0.15.8-py3-none-macosx_11_0_arm64.whl", hash = "sha256:6ee3ae5c65a42f273f126686353f2e08ff29927b7b7e203b711514370d500de3", size = 10323044, upload-time = "2026-03-26T18:39:33.37Z" },
    { url = "https://files.pythonhosted.org/packages/67/18/1bf38e20914a05e72ef3b9569b1d5c70a7ef26cd188d69e9ca8ef588d5bf/ruff-0.15.8-py3-none-manylinux_2_17_aarch64.manylinux2014_aarch64.whl", hash = "sha256:fdce027ada77baa448077ccc6ebb2fa9c3c62fd110d8659d601cf2f475858d94", size = 10629135, upload-time = "2026-03-26T18:39:44.142Z" },
    { url = "https://files.pythonhosted.org/packages/d2/e9/138c150ff9af60556121623d41aba18b7b57d95ac032e177b6a53789d279/ruff-0.15.8-py3-none-manylinux_2_17_armv7l.manylinux2014_armv7l.whl", hash = "sha256:12e617fc01a95e5821648a6df341d80456bd627bfab8a829f7cfc26a14a4b4a3", size = 10348041, upload-time = "2026-03-26T18:39:52.178Z" },
    { url = "https://files.pythonhosted.org/packages/02/f1/5bfb9298d9c323f842c5ddeb85f1f10ef51516ac7a34ba446c9347d898df/ruff-0.15.8-py3-none-manylinux_2_17_i686.manylinux2014_i686.whl", hash = "sha256:432701303b26416d22ba696c39f2c6f12499b89093b61360abc34bcc9bf07762", size = 11121987, upload-time = "2026-03-26T18:39:55.195Z" },
    { url = "https://files.pythonhosted.org/packages/10/11/6da2e538704e753c04e8d86b1fc55712fdbdcc266af1a1ece7a51fff0d10/ruff-0.15.8-py3-none-manylinux_2_17_ppc64le.manylinux2014_ppc64le.whl", hash = "sha256:d910ae974b7a06a33a057cb87d2a10792a3b2b3b35e33d2699fdf63ec8f6b17a", size = 11951057, upload-time = "2026-03-26T18:39:19.18Z" },
    { url = "https://files.pythonhosted.org/packages/83/f0/c9208c5fd5101bf87002fed774ff25a96eea313d305f1e5d5744698dc314/ruff-0.15.8-py3-none-manylinux_2_17_s390x.manylinux2014_s390x.whl", hash = "sha256:2033f963c43949d51e6fdccd3946633c6b37c484f5f98c3035f49c27395a8ab8", size = 11464613, upload-time = "2026-03-26T18:40:06.301Z" },
    { url = "https://files.pythonhosted.org/packages/f8/22/d7f2fabdba4fae9f3b570e5605d5eb4500dcb7b770d3217dca4428484b17/ruff-0.15.8-py3-none-manylinux_2_17_x86_64.manylinux2014_x86_64.whl", hash = "sha256:0f29b989a55572fb885b77464cf24af05500806ab4edf9a0fd8977f9759d85b1", size = 11257557, upload-time = "2026-03-26T18:39:57.972Z" },
    { url = "https://files.pythonhosted.org/packages/71/8c/382a9620038cf6906446b23ce8632ab8c0811b8f9d3e764f58bedd0c9a6f/ruff-0.15.8-py3-none-manylinux_2_31_riscv64.whl", hash = "sha256:ac51d486bf457cdc985a412fb1801b2dfd1bd8838372fc55de64b1510eff4bec", size = 11169440, upload-time = "2026-03-26T18:39:22.205Z" },
    { url = "https://files.pythonhosted.org/packages/4d/0d/0994c802a7eaaf99380085e4e40c845f8e32a562e20a38ec06174b52ef24/ruff-0.15.8-py3-none-musllinux_1_2_aarch64.whl", hash = "sha256:c9861eb959edab053c10ad62c278835ee69ca527b6dcd72b47d5c1e5648964f6", size = 10605963, upload-time = "2026-03-26T18:39:46.682Z" },
    { url = "https://files.pythonhosted.org/packages/19/aa/d624b86f5b0aad7cef6bbf9cd47a6a02dfdc4f72c92a337d724e39c9d14b/ruff-0.15.8-py3-none-musllinux_1_2_armv7l.whl", hash = "sha256:8d9a5b8ea13f26ae90838afc33f91b547e61b794865374f114f349e9036835fb", size = 10357484, upload-time = "2026-03-26T18:39:49.176Z" },
    { url = "https://files.pythonhosted.org/packages/35/c3/e0b7835d23001f7d999f3895c6b569927c4d39912286897f625736e1fd04/ruff-0.15.8-py3-none-musllinux_1_2_i686.whl", hash = "sha256:c2a33a529fb3cbc23a7124b5c6ff121e4d6228029cba374777bd7649cc8598b8", size = 10830426, upload-time = "2026-03-26T18:40:03.702Z" },
    { url = "https://files.pythonhosted.org/packages/f0/51/ab20b322f637b369383adc341d761eaaa0f0203d6b9a7421cd6e783d81b9/ruff-0.15.8-py3-none-musllinux_1_2_x86_64.whl", hash = "sha256:75e5cd06b1cf3f47a3996cfc999226b19aa92e7cce682dcd62f80d7035f98f49", size = 11345125, upload-time = "2026-03-26T18:39:27.799Z" },
    { url = "https://files.pythonhosted.org/packages/37/e6/90b2b33419f59d0f2c4c8a48a4b74b460709a557e8e0064cf33ad894f983/ruff-0.15.8-py3-none-win32.whl", hash = "sha256:bc1f0a51254ba21767bfa9a8b5013ca8149dcf38092e6a9eb704d876de94dc34", size = 10571959, upload-time = "2026-03-26T18:39:36.117Z" },
    { url = "https://files.pythonhosted.org/packages/1f/a2/ef467cb77099062317154c63f234b8a7baf7cb690b99af760c5b68b9ee7f/ruff-0.15.8-py3-none-win_amd64.whl", hash = "sha256:04f79eff02a72db209d47d665ba7ebcad609d8918a134f86cb13dd132159fc89", size = 11743893, upload-time = "2026-03-26T18:39:25.01Z" },
    { url = "https://files.pythonhosted.org/packages/15/e2/77be4fff062fa78d9b2a4dea85d14785dac5f1d0c1fb58ed52331f0ebe28/ruff-0.15.8-py3-none-win_arm64.whl", hash = "sha256:cf891fa8e3bb430c0e7fac93851a5978fc99c8fa2c053b57b118972866f8e5f2", size = 11048175, upload-time = "2026-03-26T18:40:01.06Z" },
]

[[package]]
name = "s3transfer"
version = "0.19.0"
source = { registry = "https://pypi.org/simple" }
dependencies = [
    { name = "botocore" },
]
sdist = { url = "https://files.pythonhosted.org/packages/f6/94/dcdaeb1713cab9c84def276cfac7388b17c7d9855bbcfe88d77e4dbafd44/s3transfer-0.19.0.tar.gz", hash = "sha256:ce436931687addc4c1712d52d40b32f53e88315723f107ffa20ba82b05a0f685", size = 165171, upload-time = "2026-06-16T19:44:51.599Z" }
wheels = [
    { url = "https://files.pythonhosted.org/packages/46/5f/4c174edad94f82de888ac00a5ddd8d07b35609b6c94f0bdf4d74af57703e/s3transfer-0.19.0-py3-none-any.whl", hash = "sha256:777cc2415536f1debadb5c2ef7779275d0fc0fe0e042411cdd6caebeb2685262", size = 90101, upload-time = "2026-06-16T19:44:50.439Z" },
]

[[package]]
name = "six"
version = "1.17.0"
source = { registry = "https://pypi.org/simple" }
sdist = { url = "https://files.pythonhosted.org/packages/94/e7/b2c673351809dca68a0e064b6af791aa332cf192da575fd474ed7d6f16a2/six-1.17.0.tar.gz", hash = "sha256:ff70335d468e7eb6ec65b95b99d3a2836546063f63acc5171de367e834932a81", size = 34031, upload-time = "2024-12-04T17:35:28.174Z" }
wheels = [
    { url = "https://files.pythonhosted.org/packages/b7/ce/149a00dd41f10bc29e5921b496af8b574d8413afcd5e30dfa0ed46c2cc5e/six-1.17.0-py2.py3-none-any.whl", hash = "sha256:4721f391ed90541fddacab5acf947aa0d3dc7d27b2e1e8eda2be8970586c3274", size = 11050, upload-time = "2024-12-04T17:35:26.475Z" },
]

[[package]]
name = "textsearch"
version = "0.0.24"
source = { registry = "https://pypi.org/simple" }
dependencies = [
    { name = "anyascii" },
    { name = "pyahocorasick" },
]
sdist = { url = "https://files.pythonhosted.org/packages/5e/7c/18ab4807196aac89a114a98732462436cbd48db16873dc4669087f354bc7/textsearch-0.0.24.tar.gz", hash = "sha256:2d23b5c3116715b65bccc18bc870ecc236ec8480d48cd5f257cc60bf66bb241a", size = 49755, upload-time = "2022-09-02T14:04:42.124Z" }
wheels = [
    { url = "https://files.pythonhosted.org/packages/e2/0f/6f08dd89e9d71380a369b1f5b6c97a32d62fc9cfacc1c5b8329505b9e495/textsearch-0.0.24-py2.py3-none-any.whl", hash = "sha256:1bbc4cc36300fbf0bbaa865500f84e907c85f6a48faf37da6e098407b405ed09", size = 7606, upload-time = "2022-09-02T14:04:40.105Z" },
]

[[package]]
name = "ty"
version = "0.0.26"
source = { registry = "https://pypi.org/simple" }
sdist = { url = "https://files.pythonhosted.org/packages/18/94/4879b81f8681117ccaf31544579304f6dc2ddcc0c67f872afb35869643a2/ty-0.0.26.tar.gz", hash = "sha256:0496b62405d62de7b954d6d677dc1cc5d3046197215d7a0a7fef37745d7b6d29", size = 5393643, upload-time = "2026-03-26T16:27:11.067Z" }
wheels = [
    { url = "https://files.pythonhosted.org/packages/83/24/99fe33ecd7e16d23c53b0d4244778c6d1b6eb1663b091236dcba22882d67/ty-0.0.26-py3-none-linux_armv6l.whl", hash = "sha256:35beaa56cf59725fd59ab35d8445bbd40b97fe76db39b052b1fcb31f9bf8adf7", size = 10521856, upload-time = "2026-03-26T16:27:06.335Z" },
    { url = "https://files.pythonhosted.org/packages/55/97/1b5e939e2ff69b9bb279ab680bfa8f677d886309a1ac8d9588fd6ce58146/ty-0.0.26-py3-none-macosx_10_12_x86_64.whl", hash = "sha256:487a0be58ab0eb02e31ba71eb6953812a0f88e50633469b0c0ce3fb795fe0fa1", size = 10320958, upload-time = "2026-03-26T16:27:13.849Z" },
    { url = "https://files.pythonhosted.org/packages/71/25/37081461e13d38a190e5646948d7bc42084f7bd1c6b44f12550be3923e7e/ty-0.0.26-py3-none-macosx_11_0_arm64.whl", hash = "sha256:a01b7de5693379646d423b68f119719a1338a20017ba48a93eefaff1ee56f97b", size = 9799905, upload-time = "2026-03-26T16:26:55.805Z" },
    { url = "https://files.pythonhosted.org/packages/a1/1c/295d8f55a7b0e037dfc3a5ec4bdda3ab3cbca6f492f725bf269f96a4d841/ty-0.0.26-py3-none-manylinux_2_17_aarch64.manylinux2014_aarch64.whl", hash = "sha256:628c3ee869d113dd2bd249925662fd39d9d0305a6cb38f640ddaa7436b74a1ef", size = 10317507, upload-time = "2026-03-26T16:27:31.887Z" },
    { url = "https://files.pythonhosted.org/packages/1d/62/48b3875c5d2f48fe017468d4bbdde1164c76a8184374f1d5e6162cf7d9b8/ty-0.0.26-py3-none-manylinux_2_17_armv7l.manylinux2014_armv7l.whl", hash = "sha256:63d04f35f5370cbc91c0b9675dc83e0c53678125a7b629c9c95769e86f123e65", size = 10319821, upload-time = "2026-03-26T16:27:29.647Z" },
    { url = "https://files.pythonhosted.org/packages/ff/28/cfb2d495046d5bf42d532325cea7412fa1189912d549dbfae417a24fd794/ty-0.0.26-py3-none-manylinux_2_17_i686.manylinux2014_i686.whl", hash = "sha256:4a53c4e6f6a91927f8b90e584a4b12bcde05b0c1870ddff8d17462168ad7947a", size = 10831757, upload-time = "2026-03-26T16:27:37.441Z" },
    { url = "https://files.pythonhosted.org/packages/26/bf/dbc3e42f448a2d862651de070b4108028c543ca18cab096b38d7de449915/ty-0.0.26-py3-none-manylinux_2_17_ppc64le.manylinux2014_ppc64le.whl", hash = "sha256:caf2ced0e58d898d5e3ba5cb843e0ebd377c8a461464748586049afbd9321f51", size = 11369556, upload-time = "2026-03-26T16:26:58.655Z" },
    { url = "https://files.pythonhosted.org/packages/92/4c/6d2f8f34bc6d502ab778c9345a4a936a72ae113de11329c1764bb1f204f6/ty-0.0.26-py3-none-manylinux_2_17_s390x.manylinux2014_s390x.whl", hash = "sha256:384807bbcb7d7ce9b97ee5aaa6417a8ae03ccfb426c52b08018ca62cf60f5430", size = 11085679, upload-time = "2026-03-26T16:27:21.746Z" },
    { url = "https://files.pythonhosted.org/packages/cc/f4/f3f61c203bc980dd9bba0ba7ed3c6e81ddfd36b286330f9487c2c7d041aa/ty-0.0.26-py3-none-manylinux_2_17_x86_64.manylinux2014_x86_64.whl", hash = "sha256:8a2c766a94d79b4f82995d41229702caf2d76e5c440ec7e543d05c70e98bf8ab", size = 10900581, upload-time = "2026-03-26T16:27:24.39Z" },
    { url = "https://files.pythonhosted.org/packages/3d/fd/3ca1b4e4bdd129829e9ce78677e0f8e0f1038a7702dccecfa52f037c6046/ty-0.0.26-py3-none-musllinux_1_2_aarch64.whl", hash = "sha256:f41ac45a0f8e3e8e181508d863a0a62156341db0f624ffd004b97ee550a9de80", size = 10294401, upload-time = "2026-03-26T16:27:03.999Z" },
    { url = "https://files.pythonhosted.org/packages/de/20/4ee3d8c3f90e008843795c765cb8bb245f188c23e5e5cc612c7697406fba/ty-0.0.26-py3-none-musllinux_1_2_armv7l.whl", hash = "sha256:73eb8327a34d529438dfe4db46796946c4e825167cbee434dc148569892e435f", size = 10351469, upload-time = "2026-03-26T16:27:19.003Z" },
    { url = "https://files.pythonhosted.org/packages/3d/b1/9fb154ade65906d4148f0b999c4a8257c2a34253cb72e15d84c1f04a064e/ty-0.0.26-py3-none-musllinux_1_2_i686.whl", hash = "sha256:4bb53a79259516535a1b55f613ba1619e9c666854946474ca8418c35a5c4fd60", size = 10529488, upload-time = "2026-03-26T16:27:01.378Z" },
    { url = "https://files.pythonhosted.org/packages/a5/70/9b02b03b1862e27b64143db65946d68b138160a5b6bfea193bee0b8bbc34/ty-0.0.26-py3-none-musllinux_1_2_x86_64.whl", hash = "sha256:2f0e75edc1aeb1b4b84af516c7891f631254a4ca3dcd15e848fa1e061e1fe9da", size = 10999015, upload-time = "2026-03-26T16:27:34.636Z" },
    { url = "https://files.pythonhosted.org/packages/21/16/0a56b8667296e2989b9d48095472d98ebf57a0006c71f2a101bbc62a142d/ty-0.0.26-py3-none-win32.whl", hash = "sha256:943c998c5523ed6b519c899c0c39b26b4c751a9759e460fb964765a44cde226f", size = 9912378, upload-time = "2026-03-26T16:27:08.999Z" },
    { url = "https://files.pythonhosted.org/packages/60/c2/fef0d4bba9cd89a82d725b3b1a66efb1b36629ecf0fb1d8e916cb75b8829/ty-0.0.26-py3-none-win_amd64.whl", hash = "sha256:19c856d343efeb1ecad8ee220848f5d2c424daf7b2feda357763ad3036e2172f", size = 10863737, upload-time = "2026-03-26T16:27:27.06Z" },
    { url = "https://files.pythonhosted.org/packages/4d/05/888ebcb3c4d3b6b72d5d3241fddd299142caa3c516e6d26a9cd887dfed3b/ty-0.0.26-py3-none-win_arm64.whl", hash = "sha256:2cde58ccffa046db1223dc28f3e7d4f2c7da8267e97cc5cd186af6fe85f1758a", size = 10285408, upload-time = "2026-03-26T16:27:16.432Z" },
]

[[package]]
name = "types-awscrt"
version = "0.34.1"
source = { registry = "https://pypi.org/simple" }
sdist = { url = "https://files.pythonhosted.org/packages/3e/59/44409a8fc06b444ab1a6f71dcb29d49a6e17e02424345eb51b051bebb345/types_awscrt-0.34.1.tar.gz", hash = "sha256:559aa04250f6a419a617dfb788f3e10903aaf74700ef23e521b64a411b83b803", size = 19062, upload-time = "2026-06-05T04:40:10.689Z" }
wheels = [
    { url = "https://files.pythonhosted.org/packages/e4/b1/214b12162b452ed6acd230065e6c587cde6b96871e3ce6d653f40888f8df/types_awscrt-0.34.1-py3-none-any.whl", hash = "sha256:20c752b6031544d8f694803c35174aee129f1be5ddf886ae46d22f7ffd9b7d75", size = 45688, upload-time = "2026-06-05T04:40:09.198Z" },
]

[[package]]
name = "types-boto3"
version = "1.43.32"
source = { registry = "https://pypi.org/simple" }
dependencies = [
    { name = "botocore-stubs" },
    { name = "types-s3transfer" },
]
sdist = { url = "https://files.pythonhosted.org/packages/aa/9c/2d3742ba2fc848c95708a7106c6f117b71ba78804d5c55777a2e3a05b07b/types_boto3-1.43.32.tar.gz", hash = "sha256:2a41a59b2aac7565fd2545a7442a1c9cdf05d595b0a7721bce03d87635a43e3d", size = 103372, upload-time = "2026-06-17T21:32:32.839Z" }
wheels = [
    { url = "https://files.pythonhosted.org/packages/35/b6/a322a40dd8cf2717fab9d74d29801f5bad25c8231e552f5abc9a43fdad0a/types_boto3-1.43.32-py3-none-any.whl", hash = "sha256:febd8ac45968b29010323cbb2057afe7b7e2a3fc8cf42a1c86516b42bd2a3354", size = 70747, upload-time = "2026-06-17T21:32:29.516Z" },
]

[[package]]
name = "types-s3transfer"
version = "0.16.0"
source = { registry = "https://pypi.org/simple" }
sdist = { url = "https://files.pythonhosted.org/packages/fe/64/42689150509eb3e6e82b33ee3d89045de1592488842ddf23c56957786d05/types_s3transfer-0.16.0.tar.gz", hash = "sha256:b4636472024c5e2b62278c5b759661efeb52a81851cde5f092f24100b1ecb443", size = 13557, upload-time = "2025-12-08T08:13:09.928Z" }
wheels = [
    { url = "https://files.pythonhosted.org/packages/98/27/e88220fe6274eccd3bdf95d9382918716d312f6f6cef6a46332d1ee2feff/types_s3transfer-0.16.0-py3-none-any.whl", hash = "sha256:1c0cd111ecf6e21437cb410f5cddb631bfb2263b77ad973e79b9c6d0cb24e0ef", size = 19247, upload-time = "2025-12-08T08:13:08.426Z" },
]

[[package]]
name = "typing-extensions"
version = "4.16.0"
source = { registry = "https://pypi.org/simple" }
sdist = { url = "https://files.pythonhosted.org/packages/f6/cc/6253133b5bb138fc3306cebfbda2c520f545d36b5be2c7255cc528bb45d6/typing_extensions-4.16.0.tar.gz", hash = "sha256:dc983d19a509c94dba722ee6abd33940f7c05a89e243c47e907eb4db6f1a43e5", size = 113555, upload-time = "2026-07-02T08:40:05.92Z" }
wheels = [
    { url = "https://files.pythonhosted.org/packages/49/d3/b8441a820a491ddfc024b0b0cf0393375b75ea13866d9c66727e54c2fc80/typing_extensions-4.16.0-py3-none-any.whl", hash = "sha256:481caa481374e813c1b176ada14e97f1f67a4539ce9cfeb3f350d78d6370c2e8", size = 45571, upload-time = "2026-07-02T08:40:04.659Z" },
]

[[package]]
name = "urllib3"
version = "2.7.0"
source = { registry = "https://pypi.org/simple" }
sdist = { url = "https://files.pythonhosted.org/packages/53/0c/06f8b233b8fd13b9e5ee11424ef85419ba0d8ba0b3138bf360be2ff56953/urllib3-2.7.0.tar.gz", hash = "sha256:231e0ec3b63ceb14667c67be60f2f2c40a518cb38b03af60abc813da26505f4c", size = 433602, upload-time = "2026-05-07T16:13:18.596Z" }
wheels = [
    { url = "https://files.pythonhosted.org/packages/7f/3e/5db95bcf282c52709639744ca2a8b149baccf648e39c8cc87553df9eae0c/urllib3-2.7.0-py3-none-any.whl", hash = "sha256:9fb4c81ebbb1ce9531cce37674bbc6f1360472bc18ca9a553ede278ef7276897", size = 131087, upload-time = "2026-05-07T16:13:17.151Z" },
]

[[package]]
name = "zenpy"
version = "2.0.57"
source = { registry = "https://pypi.org/simple" }
dependencies = [
    { name = "cachetools" },
    { name = "python-dateutil" },
    { name = "pytz" },
    { name = "requests" },
    { name = "six" },
]
sdist = { url = "https://files.pythonhosted.org/packages/3e/f2/b39bf899d340d46e0c54472c6fe625c7e16777aa1064196d40b3675d659f/zenpy-2.0.57.tar.gz", hash = "sha256:f70f8c06fe018fdcebbf32419dbfdb9d577596b13bcb1bcfe398749dcaa099bf", size = 89152, upload-time = "2026-02-19T09:30:34.63Z" }
wheels = [
    { url = "https://files.pythonhosted.org/packages/35/48/4940750a346b2e16054c91213e8f70d77c0bade319ed64b0842a32aca774/zenpy-2.0.57-py3-none-any.whl", hash = "sha256:e28c1fba5944eb50f35122deb0ddf447a567bf9b82829b86a0a295a833950b01", size = 90308, upload-time = "2026-02-19T09:30:32.172Z" },
]
